// !$*UTF8*$!
{
	archiveVersion = 1;
	classes = {
	};
	objectVersion = 50;
	objects = {

/* Begin PBXBuildFile section */
		D609BC3D27441E8E00FA96DA /* cookie.wav in Resources */ = {isa = PBXBuildFile; fileRef = D609BBD927441E8E00FA96DA /* cookie.wav */; };
		D609BC3E27441E8E00FA96DA /* pillow-s2.ahap in Resources */ = {isa = PBXBuildFile; fileRef = D609BBDA27441E8E00FA96DA /* pillow-s2.ahap */; };
		D609BC3F27441E8E00FA96DA /* kiwi-s2.ahap in Resources */ = {isa = PBXBuildFile; fileRef = D609BBDB27441E8E00FA96DA /* kiwi-s2.ahap */; };
		D609BC4027441E8E00FA96DA /* dinner.ahap in Resources */ = {isa = PBXBuildFile; fileRef = D609BBDC27441E8E00FA96DA /* dinner.ahap */; };
		D609BC4127441E8E00FA96DA /* dinner.wav in Resources */ = {isa = PBXBuildFile; fileRef = D609BBDD27441E8E00FA96DA /* dinner.wav */; };
		D609BC4227441E8E00FA96DA /* spaghetti-s1.wav in Resources */ = {isa = PBXBuildFile; fileRef = D609BBDE27441E8E00FA96DA /* spaghetti-s1.wav */; };
		D609BC4327441E8E00FA96DA /* pillow-s1.wav in Resources */ = {isa = PBXBuildFile; fileRef = D609BBDF27441E8E00FA96DA /* pillow-s1.wav */; };
		D609BC4427441E8E00FA96DA /* bedroom-s1.ahap in Resources */ = {isa = PBXBuildFile; fileRef = D609BBE027441E8E00FA96DA /* bedroom-s1.ahap */; };
		D609BC4527441E8E00FA96DA /* window.ahap in Resources */ = {isa = PBXBuildFile; fileRef = D609BBE127441E8E00FA96DA /* window.ahap */; };
		D609BC4627441E8E00FA96DA /* garden-s2.ahap in Resources */ = {isa = PBXBuildFile; fileRef = D609BBE227441E8E00FA96DA /* garden-s2.ahap */; };
		D609BC4727441E8E00FA96DA /* eggs.wav in Resources */ = {isa = PBXBuildFile; fileRef = D609BBE327441E8E00FA96DA /* eggs.wav */; };
		D609BC4827441E8E00FA96DA /* apple-s2.ahap in Resources */ = {isa = PBXBuildFile; fileRef = D609BBE427441E8E00FA96DA /* apple-s2.ahap */; };
		D609BC4927441E8E00FA96DA /* banana-s1.ahap in Resources */ = {isa = PBXBuildFile; fileRef = D609BBE527441E8E00FA96DA /* banana-s1.ahap */; };
		D609BC4A27441E8E00FA96DA /* spaghetti-s2.wav in Resources */ = {isa = PBXBuildFile; fileRef = D609BBE627441E8E00FA96DA /* spaghetti-s2.wav */; };
		D609BC4B27441E8E00FA96DA /* pillow-s2.wav in Resources */ = {isa = PBXBuildFile; fileRef = D609BBE727441E8E00FA96DA /* pillow-s2.wav */; };
		D609BC4C27441E8E00FA96DA /* spaghetti-s3.wav in Resources */ = {isa = PBXBuildFile; fileRef = D609BBE827441E8E00FA96DA /* spaghetti-s3.wav */; };
		D609BC4D27441E8E00FA96DA /* window-s1.ahap in Resources */ = {isa = PBXBuildFile; fileRef = D609BBE927441E8E00FA96DA /* window-s1.ahap */; };
		D609BC4E27441E8E00FA96DA /* playground-s2.ahap in Resources */ = {isa = PBXBuildFile; fileRef = D609BBEA27441E8E00FA96DA /* playground-s2.ahap */; };
		D609BC4F27441E8E00FA96DA /* spaghetti.wav in Resources */ = {isa = PBXBuildFile; fileRef = D609BBEB27441E8E00FA96DA /* spaghetti.wav */; };
		D609BC5027441E8E00FA96DA /* pillow.ahap in Resources */ = {isa = PBXBuildFile; fileRef = D609BBEC27441E8E00FA96DA /* pillow.ahap */; };
		D609BC5127441E8E00FA96DA /* flower-s2.ahap in Resources */ = {isa = PBXBuildFile; fileRef = D609BBED27441E8E00FA96DA /* flower-s2.ahap */; };
		D609BC5227441E8E00FA96DA /* fork.ahap in Resources */ = {isa = PBXBuildFile; fileRef = D609BBEE27441E8E00FA96DA /* fork.ahap */; };
		D609BC5327441E8E00FA96DA /* pillow.wav in Resources */ = {isa = PBXBuildFile; fileRef = D609BBEF27441E8E00FA96DA /* pillow.wav */; };
		D609BC5427441E8E00FA96DA /* duck.wav in Resources */ = {isa = PBXBuildFile; fileRef = D609BBF027441E8E00FA96DA /* duck.wav */; };
		D609BC5527441E8E00FA96DA /* spoon.wav in Resources */ = {isa = PBXBuildFile; fileRef = D609BBF127441E8E00FA96DA /* spoon.wav */; };
		D609BC5627441E8E00FA96DA /* table.ahap in Resources */ = {isa = PBXBuildFile; fileRef = D609BBF227441E8E00FA96DA /* table.ahap */; };
		D609BC5727441E8E00FA96DA /* spoon.ahap in Resources */ = {isa = PBXBuildFile; fileRef = D609BBF327441E8E00FA96DA /* spoon.ahap */; };
		D609BC5827441E8E00FA96DA /* banana-s1.wav in Resources */ = {isa = PBXBuildFile; fileRef = D609BBF427441E8E00FA96DA /* banana-s1.wav */; };
		D609BC5927441E8E00FA96DA /* bench.wav in Resources */ = {isa = PBXBuildFile; fileRef = D609BBF527441E8E00FA96DA /* bench.wav */; };
		D609BC5A27441E8E00FA96DA /* dinner-s2.wav in Resources */ = {isa = PBXBuildFile; fileRef = D609BBF627441E8E00FA96DA /* dinner-s2.wav */; };
		D609BC5B27441E8E00FA96DA /* dinner-s2.ahap in Resources */ = {isa = PBXBuildFile; fileRef = D609BBF727441E8E00FA96DA /* dinner-s2.ahap */; };
		D609BC5C27441E8E00FA96DA /* kiwi.ahap in Resources */ = {isa = PBXBuildFile; fileRef = D609BBF827441E8E00FA96DA /* kiwi.ahap */; };
		D609BC5D27441E8E00FA96DA /* spaghetti-s1.ahap in Resources */ = {isa = PBXBuildFile; fileRef = D609BBF927441E8E00FA96DA /* spaghetti-s1.ahap */; };
		D609BC5E27441E8E00FA96DA /* bedroom.wav in Resources */ = {isa = PBXBuildFile; fileRef = D609BBFA27441E8E00FA96DA /* bedroom.wav */; };
		D609BC5F27441E8E00FA96DA /* banana-s2.wav in Resources */ = {isa = PBXBuildFile; fileRef = D609BBFB27441E8E00FA96DA /* banana-s2.wav */; };
		D609BC6027441E8E00FA96DA /* dinner-s1.wav in Resources */ = {isa = PBXBuildFile; fileRef = D609BBFC27441E8E00FA96DA /* dinner-s1.wav */; };
		D609BC6127441E8E00FA96DA /* cookie-s2.ahap in Resources */ = {isa = PBXBuildFile; fileRef = D609BBFD27441E8E00FA96DA /* cookie-s2.ahap */; };
		D609BC6227441E8E00FA96DA /* banana-s3.wav in Resources */ = {isa = PBXBuildFile; fileRef = D609BBFE27441E8E00FA96DA /* banana-s3.wav */; };
		D609BC6327441E8E00FA96DA /* table-s2.ahap in Resources */ = {isa = PBXBuildFile; fileRef = D609BBFF27441E8E00FA96DA /* table-s2.ahap */; };
		D609BC6427441E8E00FA96DA /* cookie-s1.wav in Resources */ = {isa = PBXBuildFile; fileRef = D609BC0027441E8E00FA96DA /* cookie-s1.wav */; };
		D609BC6527441E8E00FA96DA /* flower-s2.wav in Resources */ = {isa = PBXBuildFile; fileRef = D609BC0127441E8E00FA96DA /* flower-s2.wav */; };
		D609BC6627441E8E00FA96DA /* apple-s2.wav in Resources */ = {isa = PBXBuildFile; fileRef = D609BC0227441E8E00FA96DA /* apple-s2.wav */; };
		D609BC6727441E8E00FA96DA /* cookie-s1.ahap in Resources */ = {isa = PBXBuildFile; fileRef = D609BC0327441E8E00FA96DA /* cookie-s1.ahap */; };
		D609BC6827441E8E00FA96DA /* bedroom.ahap in Resources */ = {isa = PBXBuildFile; fileRef = D609BC0427441E8E00FA96DA /* bedroom.ahap */; };
		D609BC6927441E8E00FA96DA /* table-s1.ahap in Resources */ = {isa = PBXBuildFile; fileRef = D609BC0527441E8E00FA96DA /* table-s1.ahap */; };
		D609BC6A27441E8E00FA96DA /* banana.wav in Resources */ = {isa = PBXBuildFile; fileRef = D609BC0627441E8E00FA96DA /* banana.wav */; };
		D609BC6B27441E8E00FA96DA /* bench.ahap in Resources */ = {isa = PBXBuildFile; fileRef = D609BC0727441E8E00FA96DA /* bench.ahap */; };
		D609BC6C27441E8E00FA96DA /* cookie-s2.wav in Resources */ = {isa = PBXBuildFile; fileRef = D609BC0827441E8E00FA96DA /* cookie-s2.wav */; };
		D609BC6D27441E8E00FA96DA /* dinner-s1.ahap in Resources */ = {isa = PBXBuildFile; fileRef = D609BC0927441E8E00FA96DA /* dinner-s1.ahap */; };
		D609BC6E27441E8E00FA96DA /* flower-s1.wav in Resources */ = {isa = PBXBuildFile; fileRef = D609BC0A27441E8E00FA96DA /* flower-s1.wav */; };
		D609BC6F27441E8E00FA96DA /* apple-s1.wav in Resources */ = {isa = PBXBuildFile; fileRef = D609BC0B27441E8E00FA96DA /* apple-s1.wav */; };
		D609BC7027441E8E00FA96DA /* spaghetti-s2.ahap in Resources */ = {isa = PBXBuildFile; fileRef = D609BC0C27441E8E00FA96DA /* spaghetti-s2.ahap */; };
		D609BC7127441E8E00FA96DA /* spaghetti-s3.ahap in Resources */ = {isa = PBXBuildFile; fileRef = D609BC0D27441E8E00FA96DA /* spaghetti-s3.ahap */; };
		D609BC7227441E8E00FA96DA /* fish.wav in Resources */ = {isa = PBXBuildFile; fileRef = D609BC0E27441E8E00FA96DA /* fish.wav */; };
		D609BC7327441E8E00FA96DA /* fork.wav in Resources */ = {isa = PBXBuildFile; fileRef = D609BC0F27441E8E00FA96DA /* fork.wav */; };
		D609BC7427441E8E00FA96DA /* table-s2.wav in Resources */ = {isa = PBXBuildFile; fileRef = D609BC1027441E8E00FA96DA /* table-s2.wav */; };
		D609BC7527441E8E00FA96DA /* kiwi.wav in Resources */ = {isa = PBXBuildFile; fileRef = D609BC1127441E8E00FA96DA /* kiwi.wav */; };
		D609BC7627441E8E00FA96DA /* window-s2.ahap in Resources */ = {isa = PBXBuildFile; fileRef = D609BC1227441E8E00FA96DA /* window-s2.ahap */; };
		D609BC7727441E8E00FA96DA /* wall.ahap in Resources */ = {isa = PBXBuildFile; fileRef = D609BC1327441E8E00FA96DA /* wall.ahap */; };
		D609BC7827441E8E00FA96DA /* playground-s1.ahap in Resources */ = {isa = PBXBuildFile; fileRef = D609BC1427441E8E00FA96DA /* playground-s1.ahap */; };
		D609BC7927441E8E00FA96DA /* fish.ahap in Resources */ = {isa = PBXBuildFile; fileRef = D609BC1527441E8E00FA96DA /* fish.ahap */; };
		D609BC7A27441E8E00FA96DA /* eggs.ahap in Resources */ = {isa = PBXBuildFile; fileRef = D609BC1627441E8E00FA96DA /* eggs.ahap */; };
		D609BC7B27441E8E00FA96DA /* garden.ahap in Resources */ = {isa = PBXBuildFile; fileRef = D609BC1727441E8E00FA96DA /* garden.ahap */; };
		D609BC7C27441E8E00FA96DA /* table-s1.wav in Resources */ = {isa = PBXBuildFile; fileRef = D609BC1827441E8E00FA96DA /* table-s1.wav */; };
		D609BC7D27441E8E00FA96DA /* flower-s1.ahap in Resources */ = {isa = PBXBuildFile; fileRef = D609BC1927441E8E00FA96DA /* flower-s1.ahap */; };
		D609BC7E27441E8E00FA96DA /* table.wav in Resources */ = {isa = PBXBuildFile; fileRef = D609BC1A27441E8E00FA96DA /* table.wav */; };
		D609BC7F27441E8E00FA96DA /* banana-s2.ahap in Resources */ = {isa = PBXBuildFile; fileRef = D609BC1B27441E8E00FA96DA /* banana-s2.ahap */; };
		D609BC8027441E8E00FA96DA /* window.wav in Resources */ = {isa = PBXBuildFile; fileRef = D609BC1C27441E8E00FA96DA /* window.wav */; };
		D609BC8127441E8E00FA96DA /* walk.wav in Resources */ = {isa = PBXBuildFile; fileRef = D609BC1D27441E8E00FA96DA /* walk.wav */; };
		D609BC8227441E8E00FA96DA /* duck.ahap in Resources */ = {isa = PBXBuildFile; fileRef = D609BC1E27441E8E00FA96DA /* duck.ahap */; };
		D609BC8327441E8E00FA96DA /* playground-s1.wav in Resources */ = {isa = PBXBuildFile; fileRef = D609BC1F27441E8E00FA96DA /* playground-s1.wav */; };
		D609BC8427441E8E00FA96DA /* bedroom-s2.wav in Resources */ = {isa = PBXBuildFile; fileRef = D609BC2027441E8E00FA96DA /* bedroom-s2.wav */; };
		D609BC8527441E8E00FA96DA /* garden.wav in Resources */ = {isa = PBXBuildFile; fileRef = D609BC2127441E8E00FA96DA /* garden.wav */; };
		D609BC8627441E8E00FA96DA /* apple.wav in Resources */ = {isa = PBXBuildFile; fileRef = D609BC2227441E8E00FA96DA /* apple.wav */; };
		D609BC8727441E8E00FA96DA /* grass.ahap in Resources */ = {isa = PBXBuildFile; fileRef = D609BC2327441E8E00FA96DA /* grass.ahap */; };
		D609BC8827441E8E00FA96DA /* grass.wav in Resources */ = {isa = PBXBuildFile; fileRef = D609BC2427441E8E00FA96DA /* grass.wav */; };
		D609BC8927441E8E00FA96DA /* cookie.ahap in Resources */ = {isa = PBXBuildFile; fileRef = D609BC2527441E8E00FA96DA /* cookie.ahap */; };
		D609BC8A27441E8E00FA96DA /* banana.ahap in Resources */ = {isa = PBXBuildFile; fileRef = D609BC2627441E8E00FA96DA /* banana.ahap */; };
		D609BC8B27441E8E00FA96DA /* bedroom-s2.ahap in Resources */ = {isa = PBXBuildFile; fileRef = D609BC2727441E8E00FA96DA /* bedroom-s2.ahap */; };
		D609BC8C27441E8E00FA96DA /* playground-s2.wav in Resources */ = {isa = PBXBuildFile; fileRef = D609BC2827441E8E00FA96DA /* playground-s2.wav */; };
		D609BC8D27441E8E00FA96DA /* garden-s1.ahap in Resources */ = {isa = PBXBuildFile; fileRef = D609BC2927441E8E00FA96DA /* garden-s1.ahap */; };
		D609BC8E27441E8E00FA96DA /* flower.ahap in Resources */ = {isa = PBXBuildFile; fileRef = D609BC2A27441E8E00FA96DA /* flower.ahap */; };
		D609BC8F27441E8E00FA96DA /* bedroom-s1.wav in Resources */ = {isa = PBXBuildFile; fileRef = D609BC2B27441E8E00FA96DA /* bedroom-s1.wav */; };
		D609BC9027441E8E00FA96DA /* apple-s1.ahap in Resources */ = {isa = PBXBuildFile; fileRef = D609BC2C27441E8E00FA96DA /* apple-s1.ahap */; };
		D609BC9127441E8E00FA96DA /* walk.ahap in Resources */ = {isa = PBXBuildFile; fileRef = D609BC2D27441E8E00FA96DA /* walk.ahap */; };
		D609BC9227441E8E00FA96DA /* kiwi-s2.wav in Resources */ = {isa = PBXBuildFile; fileRef = D609BC2E27441E8E00FA96DA /* kiwi-s2.wav */; };
		D609BC9327441E8E00FA96DA /* garden-s1.wav in Resources */ = {isa = PBXBuildFile; fileRef = D609BC2F27441E8E00FA96DA /* garden-s1.wav */; };
		D609BC9427441E8E00FA96DA /* wall.wav in Resources */ = {isa = PBXBuildFile; fileRef = D609BC3027441E8E00FA96DA /* wall.wav */; };
		D609BC9527441E8E00FA96DA /* window-s2.wav in Resources */ = {isa = PBXBuildFile; fileRef = D609BC3127441E8E00FA96DA /* window-s2.wav */; };
		D609BC9627441E8E00FA96DA /* apple.ahap in Resources */ = {isa = PBXBuildFile; fileRef = D609BC3227441E8E00FA96DA /* apple.ahap */; };
		D609BC9727441E8E00FA96DA /* playground.ahap in Resources */ = {isa = PBXBuildFile; fileRef = D609BC3327441E8E00FA96DA /* playground.ahap */; };
		D609BC9827441E8E00FA96DA /* flower.wav in Resources */ = {isa = PBXBuildFile; fileRef = D609BC3427441E8E00FA96DA /* flower.wav */; };
		D609BC9927441E8E00FA96DA /* kiwi-s1.wav in Resources */ = {isa = PBXBuildFile; fileRef = D609BC3527441E8E00FA96DA /* kiwi-s1.wav */; };
		D609BC9A27441E8E00FA96DA /* garden-s2.wav in Resources */ = {isa = PBXBuildFile; fileRef = D609BC3627441E8E00FA96DA /* garden-s2.wav */; };
		D609BC9B27441E8E00FA96DA /* spaghetti.ahap in Resources */ = {isa = PBXBuildFile; fileRef = D609BC3727441E8E00FA96DA /* spaghetti.ahap */; };
		D609BC9C27441E8E00FA96DA /* window-s1.wav in Resources */ = {isa = PBXBuildFile; fileRef = D609BC3827441E8E00FA96DA /* window-s1.wav */; };
		D609BC9D27441E8E00FA96DA /* playground.wav in Resources */ = {isa = PBXBuildFile; fileRef = D609BC3927441E8E00FA96DA /* playground.wav */; };
		D609BC9E27441E8E00FA96DA /* pillow-s1.ahap in Resources */ = {isa = PBXBuildFile; fileRef = D609BC3A27441E8E00FA96DA /* pillow-s1.ahap */; };
		D609BC9F27441E8E00FA96DA /* kiwi-s1.ahap in Resources */ = {isa = PBXBuildFile; fileRef = D609BC3B27441E8E00FA96DA /* kiwi-s1.ahap */; };
		D609BCA027441E8E00FA96DA /* banana-s3.ahap in Resources */ = {isa = PBXBuildFile; fileRef = D609BC3C27441E8E00FA96DA /* banana-s3.ahap */; };
		D611041D26FBD81800B40555 /* OnePiecePuzzle.swift in Sources */ = {isa = PBXBuildFile; fileRef = D611041C26FBD81800B40555 /* OnePiecePuzzle.swift */; };
		D61CA51327027338003255E9 /* ThreePiecePuzzle.swift in Sources */ = {isa = PBXBuildFile; fileRef = D61CA51227027338003255E9 /* ThreePiecePuzzle.swift */; };
		D61CA51527037B28003255E9 /* PuzzleViewS.swift in Sources */ = {isa = PBXBuildFile; fileRef = D61CA51427037B28003255E9 /* PuzzleViewS.swift */; };
		D6474F96272DDD7A00E98EE1 /* MoreInfoAlertView.swift in Sources */ = {isa = PBXBuildFile; fileRef = D6474F95272DDD7A00E98EE1 /* MoreInfoAlertView.swift */; };
		D65A266226EE9C7200D11021 /* Onboarding.swift in Sources */ = {isa = PBXBuildFile; fileRef = D65A266126EE9C7200D11021 /* Onboarding.swift */; };
		D65A266526EE9EDB00D11021 /* InitialOnboardingView.swift in Sources */ = {isa = PBXBuildFile; fileRef = D65A266426EE9EDB00D11021 /* InitialOnboardingView.swift */; };
		D65A266726EE9EE500D11021 /* FinalOnboardingView.swift in Sources */ = {isa = PBXBuildFile; fileRef = D65A266626EE9EE500D11021 /* FinalOnboardingView.swift */; };
		D65A266926EE9EFB00D11021 /* GenericOnboardingView.swift in Sources */ = {isa = PBXBuildFile; fileRef = D65A266826EE9EFB00D11021 /* GenericOnboardingView.swift */; };
		D65A266B26EEA52800D11021 /* CircleArrowButton.swift in Sources */ = {isa = PBXBuildFile; fileRef = D65A266A26EEA52800D11021 /* CircleArrowButton.swift */; };
		D6603C9B26EA60DB005AB1E5 /* SermoAvenue.swift in Sources */ = {isa = PBXBuildFile; fileRef = D6603C9A26EA60DB005AB1E5 /* SermoAvenue.swift */; };
		D6603C9D26EA60DB005AB1E5 /* HomeView.swift in Sources */ = {isa = PBXBuildFile; fileRef = D6603C9C26EA60DB005AB1E5 /* HomeView.swift */; };
		D6603C9F26EA60DC005AB1E5 /* Assets.xcassets in Resources */ = {isa = PBXBuildFile; fileRef = D6603C9E26EA60DC005AB1E5 /* Assets.xcassets */; };
		D6603CA226EA60DC005AB1E5 /* Preview Assets.xcassets in Resources */ = {isa = PBXBuildFile; fileRef = D6603CA126EA60DC005AB1E5 /* Preview Assets.xcassets */; };
		D6603CB026EB4D07005AB1E5 /* Constants+Ext.swift in Sources */ = {isa = PBXBuildFile; fileRef = D6603CAF26EB4D07005AB1E5 /* Constants+Ext.swift */; };
		D6603CB226EB505C005AB1E5 /* BackgroundView.swift in Sources */ = {isa = PBXBuildFile; fileRef = D6603CB126EB505C005AB1E5 /* BackgroundView.swift */; };
		D6603CB426EB65FE005AB1E5 /* CategoryView.swift in Sources */ = {isa = PBXBuildFile; fileRef = D6603CB326EB65FE005AB1E5 /* CategoryView.swift */; };
		D67E60F026F62D7300A7AC40 /* InfoButton.swift in Sources */ = {isa = PBXBuildFile; fileRef = D67E60EF26F62D7300A7AC40 /* InfoButton.swift */; };
		D67E60F226F6352B00A7AC40 /* RestartButton.swift in Sources */ = {isa = PBXBuildFile; fileRef = D67E60F126F6352B00A7AC40 /* RestartButton.swift */; };
		D67E60F626F7E76500A7AC40 /* RoundedButton.swift in Sources */ = {isa = PBXBuildFile; fileRef = D67E60F526F7E76500A7AC40 /* RoundedButton.swift */; };
		D67E60F826F7E7D600A7AC40 /* WordButton.swift in Sources */ = {isa = PBXBuildFile; fileRef = D67E60F726F7E7D600A7AC40 /* WordButton.swift */; };
		D67E615F26F8BF9500A7AC40 /* Category.swift in Sources */ = {isa = PBXBuildFile; fileRef = D67E615E26F8BF9500A7AC40 /* Category.swift */; };
		D67E616426F8F4B800A7AC40 /* ImagePicker.swift in Sources */ = {isa = PBXBuildFile; fileRef = D67E616326F8F4B800A7AC40 /* ImagePicker.swift */; };
		D695FFAE26ED602B005BCBD7 /* Navigationbar+Ext.swift in Sources */ = {isa = PBXBuildFile; fileRef = D695FFAD26ED602B005BCBD7 /* Navigationbar+Ext.swift */; };
		D6D78EDB2705150800EFF048 /* MaskedPuzzleImage.swift in Sources */ = {isa = PBXBuildFile; fileRef = D6D78EDA2705150800EFF048 /* MaskedPuzzleImage.swift */; };
		D6D8690A273D7CBD008C6082 /* HapticEngine.swift in Sources */ = {isa = PBXBuildFile; fileRef = D6D86909273D7CBD008C6082 /* HapticEngine.swift */; };
		D6E176E926EF967B00B87BE1 /* FlashcardView.swift in Sources */ = {isa = PBXBuildFile; fileRef = D6E176E826EF967B00B87BE1 /* FlashcardView.swift */; };
		D6E176F026F3E79C00B87BE1 /* TwoPiecePuzzle.swift in Sources */ = {isa = PBXBuildFile; fileRef = D6E176EF26F3E79C00B87BE1 /* TwoPiecePuzzle.swift */; };
		D6E176F226F3E7BE00B87BE1 /* FindAndMatchView.swift in Sources */ = {isa = PBXBuildFile; fileRef = D6E176F126F3E7BE00B87BE1 /* FindAndMatchView.swift */; };
		D6E176F826F62A7600B87BE1 /* XmarkButton.swift in Sources */ = {isa = PBXBuildFile; fileRef = D6E176F726F62A7600B87BE1 /* XmarkButton.swift */; };
/* End PBXBuildFile section */

/* Begin PBXFileReference section */
		D609BBD927441E8E00FA96DA /* cookie.wav */ = {isa = PBXFileReference; lastKnownFileType = audio.wav; path = cookie.wav; sourceTree = "<group>"; };
		D609BBDA27441E8E00FA96DA /* pillow-s2.ahap */ = {isa = PBXFileReference; fileEncoding = 4; lastKnownFileType = text; path = "pillow-s2.ahap"; sourceTree = "<group>"; };
		D609BBDB27441E8E00FA96DA /* kiwi-s2.ahap */ = {isa = PBXFileReference; fileEncoding = 4; lastKnownFileType = text; path = "kiwi-s2.ahap"; sourceTree = "<group>"; };
		D609BBDC27441E8E00FA96DA /* dinner.ahap */ = {isa = PBXFileReference; fileEncoding = 4; lastKnownFileType = text; path = dinner.ahap; sourceTree = "<group>"; };
		D609BBDD27441E8E00FA96DA /* dinner.wav */ = {isa = PBXFileReference; lastKnownFileType = audio.wav; path = dinner.wav; sourceTree = "<group>"; };
		D609BBDE27441E8E00FA96DA /* spaghetti-s1.wav */ = {isa = PBXFileReference; lastKnownFileType = audio.wav; path = "spaghetti-s1.wav"; sourceTree = "<group>"; };
		D609BBDF27441E8E00FA96DA /* pillow-s1.wav */ = {isa = PBXFileReference; lastKnownFileType = audio.wav; path = "pillow-s1.wav"; sourceTree = "<group>"; };
		D609BBE027441E8E00FA96DA /* bedroom-s1.ahap */ = {isa = PBXFileReference; fileEncoding = 4; lastKnownFileType = text; path = "bedroom-s1.ahap"; sourceTree = "<group>"; };
		D609BBE127441E8E00FA96DA /* window.ahap */ = {isa = PBXFileReference; fileEncoding = 4; lastKnownFileType = text; path = window.ahap; sourceTree = "<group>"; };
		D609BBE227441E8E00FA96DA /* garden-s2.ahap */ = {isa = PBXFileReference; fileEncoding = 4; lastKnownFileType = text; path = "garden-s2.ahap"; sourceTree = "<group>"; };
		D609BBE327441E8E00FA96DA /* eggs.wav */ = {isa = PBXFileReference; lastKnownFileType = audio.wav; path = eggs.wav; sourceTree = "<group>"; };
		D609BBE427441E8E00FA96DA /* apple-s2.ahap */ = {isa = PBXFileReference; fileEncoding = 4; lastKnownFileType = text; path = "apple-s2.ahap"; sourceTree = "<group>"; };
		D609BBE527441E8E00FA96DA /* banana-s1.ahap */ = {isa = PBXFileReference; fileEncoding = 4; lastKnownFileType = text; path = "banana-s1.ahap"; sourceTree = "<group>"; };
		D609BBE627441E8E00FA96DA /* spaghetti-s2.wav */ = {isa = PBXFileReference; lastKnownFileType = audio.wav; path = "spaghetti-s2.wav"; sourceTree = "<group>"; };
		D609BBE727441E8E00FA96DA /* pillow-s2.wav */ = {isa = PBXFileReference; lastKnownFileType = audio.wav; path = "pillow-s2.wav"; sourceTree = "<group>"; };
		D609BBE827441E8E00FA96DA /* spaghetti-s3.wav */ = {isa = PBXFileReference; lastKnownFileType = audio.wav; path = "spaghetti-s3.wav"; sourceTree = "<group>"; };
		D609BBE927441E8E00FA96DA /* window-s1.ahap */ = {isa = PBXFileReference; fileEncoding = 4; lastKnownFileType = text; path = "window-s1.ahap"; sourceTree = "<group>"; };
		D609BBEA27441E8E00FA96DA /* playground-s2.ahap */ = {isa = PBXFileReference; fileEncoding = 4; lastKnownFileType = text; path = "playground-s2.ahap"; sourceTree = "<group>"; };
		D609BBEB27441E8E00FA96DA /* spaghetti.wav */ = {isa = PBXFileReference; lastKnownFileType = audio.wav; path = spaghetti.wav; sourceTree = "<group>"; };
		D609BBEC27441E8E00FA96DA /* pillow.ahap */ = {isa = PBXFileReference; fileEncoding = 4; lastKnownFileType = text; path = pillow.ahap; sourceTree = "<group>"; };
		D609BBED27441E8E00FA96DA /* flower-s2.ahap */ = {isa = PBXFileReference; fileEncoding = 4; lastKnownFileType = text; path = "flower-s2.ahap"; sourceTree = "<group>"; };
		D609BBEE27441E8E00FA96DA /* fork.ahap */ = {isa = PBXFileReference; fileEncoding = 4; lastKnownFileType = text; path = fork.ahap; sourceTree = "<group>"; };
		D609BBEF27441E8E00FA96DA /* pillow.wav */ = {isa = PBXFileReference; lastKnownFileType = audio.wav; path = pillow.wav; sourceTree = "<group>"; };
		D609BBF027441E8E00FA96DA /* duck.wav */ = {isa = PBXFileReference; lastKnownFileType = audio.wav; path = duck.wav; sourceTree = "<group>"; };
		D609BBF127441E8E00FA96DA /* spoon.wav */ = {isa = PBXFileReference; lastKnownFileType = audio.wav; path = spoon.wav; sourceTree = "<group>"; };
		D609BBF227441E8E00FA96DA /* table.ahap */ = {isa = PBXFileReference; fileEncoding = 4; lastKnownFileType = text; path = table.ahap; sourceTree = "<group>"; };
		D609BBF327441E8E00FA96DA /* spoon.ahap */ = {isa = PBXFileReference; fileEncoding = 4; lastKnownFileType = text; path = spoon.ahap; sourceTree = "<group>"; };
		D609BBF427441E8E00FA96DA /* banana-s1.wav */ = {isa = PBXFileReference; lastKnownFileType = audio.wav; path = "banana-s1.wav"; sourceTree = "<group>"; };
		D609BBF527441E8E00FA96DA /* bench.wav */ = {isa = PBXFileReference; lastKnownFileType = audio.wav; path = bench.wav; sourceTree = "<group>"; };
		D609BBF627441E8E00FA96DA /* dinner-s2.wav */ = {isa = PBXFileReference; lastKnownFileType = audio.wav; path = "dinner-s2.wav"; sourceTree = "<group>"; };
		D609BBF727441E8E00FA96DA /* dinner-s2.ahap */ = {isa = PBXFileReference; fileEncoding = 4; lastKnownFileType = text; path = "dinner-s2.ahap"; sourceTree = "<group>"; };
		D609BBF827441E8E00FA96DA /* kiwi.ahap */ = {isa = PBXFileReference; fileEncoding = 4; lastKnownFileType = text; path = kiwi.ahap; sourceTree = "<group>"; };
		D609BBF927441E8E00FA96DA /* spaghetti-s1.ahap */ = {isa = PBXFileReference; fileEncoding = 4; lastKnownFileType = text; path = "spaghetti-s1.ahap"; sourceTree = "<group>"; };
		D609BBFA27441E8E00FA96DA /* bedroom.wav */ = {isa = PBXFileReference; lastKnownFileType = audio.wav; path = bedroom.wav; sourceTree = "<group>"; };
		D609BBFB27441E8E00FA96DA /* banana-s2.wav */ = {isa = PBXFileReference; lastKnownFileType = audio.wav; path = "banana-s2.wav"; sourceTree = "<group>"; };
		D609BBFC27441E8E00FA96DA /* dinner-s1.wav */ = {isa = PBXFileReference; lastKnownFileType = audio.wav; path = "dinner-s1.wav"; sourceTree = "<group>"; };
		D609BBFD27441E8E00FA96DA /* cookie-s2.ahap */ = {isa = PBXFileReference; fileEncoding = 4; lastKnownFileType = text; path = "cookie-s2.ahap"; sourceTree = "<group>"; };
		D609BBFE27441E8E00FA96DA /* banana-s3.wav */ = {isa = PBXFileReference; lastKnownFileType = audio.wav; path = "banana-s3.wav"; sourceTree = "<group>"; };
		D609BBFF27441E8E00FA96DA /* table-s2.ahap */ = {isa = PBXFileReference; fileEncoding = 4; lastKnownFileType = text; path = "table-s2.ahap"; sourceTree = "<group>"; };
		D609BC0027441E8E00FA96DA /* cookie-s1.wav */ = {isa = PBXFileReference; lastKnownFileType = audio.wav; path = "cookie-s1.wav"; sourceTree = "<group>"; };
		D609BC0127441E8E00FA96DA /* flower-s2.wav */ = {isa = PBXFileReference; lastKnownFileType = audio.wav; path = "flower-s2.wav"; sourceTree = "<group>"; };
		D609BC0227441E8E00FA96DA /* apple-s2.wav */ = {isa = PBXFileReference; lastKnownFileType = audio.wav; path = "apple-s2.wav"; sourceTree = "<group>"; };
		D609BC0327441E8E00FA96DA /* cookie-s1.ahap */ = {isa = PBXFileReference; fileEncoding = 4; lastKnownFileType = text; path = "cookie-s1.ahap"; sourceTree = "<group>"; };
		D609BC0427441E8E00FA96DA /* bedroom.ahap */ = {isa = PBXFileReference; fileEncoding = 4; lastKnownFileType = text; path = bedroom.ahap; sourceTree = "<group>"; };
		D609BC0527441E8E00FA96DA /* table-s1.ahap */ = {isa = PBXFileReference; fileEncoding = 4; lastKnownFileType = text; path = "table-s1.ahap"; sourceTree = "<group>"; };
		D609BC0627441E8E00FA96DA /* banana.wav */ = {isa = PBXFileReference; lastKnownFileType = audio.wav; path = banana.wav; sourceTree = "<group>"; };
		D609BC0727441E8E00FA96DA /* bench.ahap */ = {isa = PBXFileReference; fileEncoding = 4; lastKnownFileType = text; path = bench.ahap; sourceTree = "<group>"; };
		D609BC0827441E8E00FA96DA /* cookie-s2.wav */ = {isa = PBXFileReference; lastKnownFileType = audio.wav; path = "cookie-s2.wav"; sourceTree = "<group>"; };
		D609BC0927441E8E00FA96DA /* dinner-s1.ahap */ = {isa = PBXFileReference; fileEncoding = 4; lastKnownFileType = text; path = "dinner-s1.ahap"; sourceTree = "<group>"; };
		D609BC0A27441E8E00FA96DA /* flower-s1.wav */ = {isa = PBXFileReference; lastKnownFileType = audio.wav; path = "flower-s1.wav"; sourceTree = "<group>"; };
		D609BC0B27441E8E00FA96DA /* apple-s1.wav */ = {isa = PBXFileReference; lastKnownFileType = audio.wav; path = "apple-s1.wav"; sourceTree = "<group>"; };
		D609BC0C27441E8E00FA96DA /* spaghetti-s2.ahap */ = {isa = PBXFileReference; fileEncoding = 4; lastKnownFileType = text; path = "spaghetti-s2.ahap"; sourceTree = "<group>"; };
		D609BC0D27441E8E00FA96DA /* spaghetti-s3.ahap */ = {isa = PBXFileReference; fileEncoding = 4; lastKnownFileType = text; path = "spaghetti-s3.ahap"; sourceTree = "<group>"; };
		D609BC0E27441E8E00FA96DA /* fish.wav */ = {isa = PBXFileReference; lastKnownFileType = audio.wav; path = fish.wav; sourceTree = "<group>"; };
		D609BC0F27441E8E00FA96DA /* fork.wav */ = {isa = PBXFileReference; lastKnownFileType = audio.wav; path = fork.wav; sourceTree = "<group>"; };
		D609BC1027441E8E00FA96DA /* table-s2.wav */ = {isa = PBXFileReference; lastKnownFileType = audio.wav; path = "table-s2.wav"; sourceTree = "<group>"; };
		D609BC1127441E8E00FA96DA /* kiwi.wav */ = {isa = PBXFileReference; lastKnownFileType = audio.wav; path = kiwi.wav; sourceTree = "<group>"; };
		D609BC1227441E8E00FA96DA /* window-s2.ahap */ = {isa = PBXFileReference; fileEncoding = 4; lastKnownFileType = text; path = "window-s2.ahap"; sourceTree = "<group>"; };
		D609BC1327441E8E00FA96DA /* wall.ahap */ = {isa = PBXFileReference; fileEncoding = 4; lastKnownFileType = text; path = wall.ahap; sourceTree = "<group>"; };
		D609BC1427441E8E00FA96DA /* playground-s1.ahap */ = {isa = PBXFileReference; fileEncoding = 4; lastKnownFileType = text; path = "playground-s1.ahap"; sourceTree = "<group>"; };
		D609BC1527441E8E00FA96DA /* fish.ahap */ = {isa = PBXFileReference; fileEncoding = 4; lastKnownFileType = text; path = fish.ahap; sourceTree = "<group>"; };
		D609BC1627441E8E00FA96DA /* eggs.ahap */ = {isa = PBXFileReference; fileEncoding = 4; lastKnownFileType = text; path = eggs.ahap; sourceTree = "<group>"; };
		D609BC1727441E8E00FA96DA /* garden.ahap */ = {isa = PBXFileReference; fileEncoding = 4; lastKnownFileType = text; path = garden.ahap; sourceTree = "<group>"; };
		D609BC1827441E8E00FA96DA /* table-s1.wav */ = {isa = PBXFileReference; lastKnownFileType = audio.wav; path = "table-s1.wav"; sourceTree = "<group>"; };
		D609BC1927441E8E00FA96DA /* flower-s1.ahap */ = {isa = PBXFileReference; fileEncoding = 4; lastKnownFileType = text; path = "flower-s1.ahap"; sourceTree = "<group>"; };
		D609BC1A27441E8E00FA96DA /* table.wav */ = {isa = PBXFileReference; lastKnownFileType = audio.wav; path = table.wav; sourceTree = "<group>"; };
		D609BC1B27441E8E00FA96DA /* banana-s2.ahap */ = {isa = PBXFileReference; fileEncoding = 4; lastKnownFileType = text; path = "banana-s2.ahap"; sourceTree = "<group>"; };
		D609BC1C27441E8E00FA96DA /* window.wav */ = {isa = PBXFileReference; lastKnownFileType = audio.wav; path = window.wav; sourceTree = "<group>"; };
		D609BC1D27441E8E00FA96DA /* walk.wav */ = {isa = PBXFileReference; lastKnownFileType = audio.wav; path = walk.wav; sourceTree = "<group>"; };
		D609BC1E27441E8E00FA96DA /* duck.ahap */ = {isa = PBXFileReference; fileEncoding = 4; lastKnownFileType = text; path = duck.ahap; sourceTree = "<group>"; };
		D609BC1F27441E8E00FA96DA /* playground-s1.wav */ = {isa = PBXFileReference; lastKnownFileType = audio.wav; path = "playground-s1.wav"; sourceTree = "<group>"; };
		D609BC2027441E8E00FA96DA /* bedroom-s2.wav */ = {isa = PBXFileReference; lastKnownFileType = audio.wav; path = "bedroom-s2.wav"; sourceTree = "<group>"; };
		D609BC2127441E8E00FA96DA /* garden.wav */ = {isa = PBXFileReference; lastKnownFileType = audio.wav; path = garden.wav; sourceTree = "<group>"; };
		D609BC2227441E8E00FA96DA /* apple.wav */ = {isa = PBXFileReference; lastKnownFileType = audio.wav; path = apple.wav; sourceTree = "<group>"; };
		D609BC2327441E8E00FA96DA /* grass.ahap */ = {isa = PBXFileReference; fileEncoding = 4; lastKnownFileType = text; path = grass.ahap; sourceTree = "<group>"; };
		D609BC2427441E8E00FA96DA /* grass.wav */ = {isa = PBXFileReference; lastKnownFileType = audio.wav; path = grass.wav; sourceTree = "<group>"; };
		D609BC2527441E8E00FA96DA /* cookie.ahap */ = {isa = PBXFileReference; fileEncoding = 4; lastKnownFileType = text; path = cookie.ahap; sourceTree = "<group>"; };
		D609BC2627441E8E00FA96DA /* banana.ahap */ = {isa = PBXFileReference; fileEncoding = 4; lastKnownFileType = text; path = banana.ahap; sourceTree = "<group>"; };
		D609BC2727441E8E00FA96DA /* bedroom-s2.ahap */ = {isa = PBXFileReference; fileEncoding = 4; lastKnownFileType = text; path = "bedroom-s2.ahap"; sourceTree = "<group>"; };
		D609BC2827441E8E00FA96DA /* playground-s2.wav */ = {isa = PBXFileReference; lastKnownFileType = audio.wav; path = "playground-s2.wav"; sourceTree = "<group>"; };
		D609BC2927441E8E00FA96DA /* garden-s1.ahap */ = {isa = PBXFileReference; fileEncoding = 4; lastKnownFileType = text; path = "garden-s1.ahap"; sourceTree = "<group>"; };
		D609BC2A27441E8E00FA96DA /* flower.ahap */ = {isa = PBXFileReference; fileEncoding = 4; lastKnownFileType = text; path = flower.ahap; sourceTree = "<group>"; };
		D609BC2B27441E8E00FA96DA /* bedroom-s1.wav */ = {isa = PBXFileReference; lastKnownFileType = audio.wav; path = "bedroom-s1.wav"; sourceTree = "<group>"; };
		D609BC2C27441E8E00FA96DA /* apple-s1.ahap */ = {isa = PBXFileReference; fileEncoding = 4; lastKnownFileType = text; path = "apple-s1.ahap"; sourceTree = "<group>"; };
		D609BC2D27441E8E00FA96DA /* walk.ahap */ = {isa = PBXFileReference; fileEncoding = 4; lastKnownFileType = text; path = walk.ahap; sourceTree = "<group>"; };
		D609BC2E27441E8E00FA96DA /* kiwi-s2.wav */ = {isa = PBXFileReference; lastKnownFileType = audio.wav; path = "kiwi-s2.wav"; sourceTree = "<group>"; };
		D609BC2F27441E8E00FA96DA /* garden-s1.wav */ = {isa = PBXFileReference; lastKnownFileType = audio.wav; path = "garden-s1.wav"; sourceTree = "<group>"; };
		D609BC3027441E8E00FA96DA /* wall.wav */ = {isa = PBXFileReference; lastKnownFileType = audio.wav; path = wall.wav; sourceTree = "<group>"; };
		D609BC3127441E8E00FA96DA /* window-s2.wav */ = {isa = PBXFileReference; lastKnownFileType = audio.wav; path = "window-s2.wav"; sourceTree = "<group>"; };
		D609BC3227441E8E00FA96DA /* apple.ahap */ = {isa = PBXFileReference; fileEncoding = 4; lastKnownFileType = text; path = apple.ahap; sourceTree = "<group>"; };
		D609BC3327441E8E00FA96DA /* playground.ahap */ = {isa = PBXFileReference; fileEncoding = 4; lastKnownFileType = text; path = playground.ahap; sourceTree = "<group>"; };
		D609BC3427441E8E00FA96DA /* flower.wav */ = {isa = PBXFileReference; lastKnownFileType = audio.wav; path = flower.wav; sourceTree = "<group>"; };
		D609BC3527441E8E00FA96DA /* kiwi-s1.wav */ = {isa = PBXFileReference; lastKnownFileType = audio.wav; path = "kiwi-s1.wav"; sourceTree = "<group>"; };
		D609BC3627441E8E00FA96DA /* garden-s2.wav */ = {isa = PBXFileReference; lastKnownFileType = audio.wav; path = "garden-s2.wav"; sourceTree = "<group>"; };
		D609BC3727441E8E00FA96DA /* spaghetti.ahap */ = {isa = PBXFileReference; fileEncoding = 4; lastKnownFileType = text; path = spaghetti.ahap; sourceTree = "<group>"; };
		D609BC3827441E8E00FA96DA /* window-s1.wav */ = {isa = PBXFileReference; lastKnownFileType = audio.wav; path = "window-s1.wav"; sourceTree = "<group>"; };
		D609BC3927441E8E00FA96DA /* playground.wav */ = {isa = PBXFileReference; lastKnownFileType = audio.wav; path = playground.wav; sourceTree = "<group>"; };
		D609BC3A27441E8E00FA96DA /* pillow-s1.ahap */ = {isa = PBXFileReference; fileEncoding = 4; lastKnownFileType = text; path = "pillow-s1.ahap"; sourceTree = "<group>"; };
		D609BC3B27441E8E00FA96DA /* kiwi-s1.ahap */ = {isa = PBXFileReference; fileEncoding = 4; lastKnownFileType = text; path = "kiwi-s1.ahap"; sourceTree = "<group>"; };
		D609BC3C27441E8E00FA96DA /* banana-s3.ahap */ = {isa = PBXFileReference; fileEncoding = 4; lastKnownFileType = text; path = "banana-s3.ahap"; sourceTree = "<group>"; };
		D611041C26FBD81800B40555 /* OnePiecePuzzle.swift */ = {isa = PBXFileReference; lastKnownFileType = sourcecode.swift; path = OnePiecePuzzle.swift; sourceTree = "<group>"; };
		D61CA51227027338003255E9 /* ThreePiecePuzzle.swift */ = {isa = PBXFileReference; lastKnownFileType = sourcecode.swift; path = ThreePiecePuzzle.swift; sourceTree = "<group>"; };
		D61CA51427037B28003255E9 /* PuzzleViewS.swift */ = {isa = PBXFileReference; lastKnownFileType = sourcecode.swift; path = PuzzleViewS.swift; sourceTree = "<group>"; };
		D6474F95272DDD7A00E98EE1 /* MoreInfoAlertView.swift */ = {isa = PBXFileReference; lastKnownFileType = sourcecode.swift; path = MoreInfoAlertView.swift; sourceTree = "<group>"; };
		D65A266126EE9C7200D11021 /* Onboarding.swift */ = {isa = PBXFileReference; lastKnownFileType = sourcecode.swift; path = Onboarding.swift; sourceTree = "<group>"; };
		D65A266426EE9EDB00D11021 /* InitialOnboardingView.swift */ = {isa = PBXFileReference; lastKnownFileType = sourcecode.swift; path = InitialOnboardingView.swift; sourceTree = "<group>"; };
		D65A266626EE9EE500D11021 /* FinalOnboardingView.swift */ = {isa = PBXFileReference; lastKnownFileType = sourcecode.swift; path = FinalOnboardingView.swift; sourceTree = "<group>"; };
		D65A266826EE9EFB00D11021 /* GenericOnboardingView.swift */ = {isa = PBXFileReference; lastKnownFileType = sourcecode.swift; path = GenericOnboardingView.swift; sourceTree = "<group>"; };
		D65A266A26EEA52800D11021 /* CircleArrowButton.swift */ = {isa = PBXFileReference; lastKnownFileType = sourcecode.swift; path = CircleArrowButton.swift; sourceTree = "<group>"; };
		D6603C9726EA60DB005AB1E5 /* NewSermo.app */ = {isa = PBXFileReference; explicitFileType = wrapper.application; includeInIndex = 0; path = NewSermo.app; sourceTree = BUILT_PRODUCTS_DIR; };
		D6603C9A26EA60DB005AB1E5 /* SermoAvenue.swift */ = {isa = PBXFileReference; lastKnownFileType = sourcecode.swift; path = SermoAvenue.swift; sourceTree = "<group>"; };
		D6603C9C26EA60DB005AB1E5 /* HomeView.swift */ = {isa = PBXFileReference; lastKnownFileType = sourcecode.swift; path = HomeView.swift; sourceTree = "<group>"; };
		D6603C9E26EA60DC005AB1E5 /* Assets.xcassets */ = {isa = PBXFileReference; lastKnownFileType = folder.assetcatalog; path = Assets.xcassets; sourceTree = "<group>"; };
		D6603CA126EA60DC005AB1E5 /* Preview Assets.xcassets */ = {isa = PBXFileReference; lastKnownFileType = folder.assetcatalog; path = "Preview Assets.xcassets"; sourceTree = "<group>"; };
		D6603CA326EA60DC005AB1E5 /* Info.plist */ = {isa = PBXFileReference; lastKnownFileType = text.plist.xml; path = Info.plist; sourceTree = "<group>"; };
		D6603CAF26EB4D07005AB1E5 /* Constants+Ext.swift */ = {isa = PBXFileReference; lastKnownFileType = sourcecode.swift; path = "Constants+Ext.swift"; sourceTree = "<group>"; };
		D6603CB126EB505C005AB1E5 /* BackgroundView.swift */ = {isa = PBXFileReference; lastKnownFileType = sourcecode.swift; path = BackgroundView.swift; sourceTree = "<group>"; };
		D6603CB326EB65FE005AB1E5 /* CategoryView.swift */ = {isa = PBXFileReference; lastKnownFileType = sourcecode.swift; path = CategoryView.swift; sourceTree = "<group>"; };
		D67E60EF26F62D7300A7AC40 /* InfoButton.swift */ = {isa = PBXFileReference; lastKnownFileType = sourcecode.swift; path = InfoButton.swift; sourceTree = "<group>"; };
		D67E60F126F6352B00A7AC40 /* RestartButton.swift */ = {isa = PBXFileReference; lastKnownFileType = sourcecode.swift; path = RestartButton.swift; sourceTree = "<group>"; };
		D67E60F526F7E76500A7AC40 /* RoundedButton.swift */ = {isa = PBXFileReference; lastKnownFileType = sourcecode.swift; path = RoundedButton.swift; sourceTree = "<group>"; };
		D67E60F726F7E7D600A7AC40 /* WordButton.swift */ = {isa = PBXFileReference; lastKnownFileType = sourcecode.swift; path = WordButton.swift; sourceTree = "<group>"; };
		D67E615E26F8BF9500A7AC40 /* Category.swift */ = {isa = PBXFileReference; lastKnownFileType = sourcecode.swift; path = Category.swift; sourceTree = "<group>"; };
		D67E616326F8F4B800A7AC40 /* ImagePicker.swift */ = {isa = PBXFileReference; lastKnownFileType = sourcecode.swift; path = ImagePicker.swift; sourceTree = "<group>"; };
		D695FFAD26ED602B005BCBD7 /* Navigationbar+Ext.swift */ = {isa = PBXFileReference; lastKnownFileType = sourcecode.swift; path = "Navigationbar+Ext.swift"; sourceTree = "<group>"; };
		D6D78EDA2705150800EFF048 /* MaskedPuzzleImage.swift */ = {isa = PBXFileReference; lastKnownFileType = sourcecode.swift; path = MaskedPuzzleImage.swift; sourceTree = "<group>"; };
		D6D86909273D7CBD008C6082 /* HapticEngine.swift */ = {isa = PBXFileReference; lastKnownFileType = sourcecode.swift; path = HapticEngine.swift; sourceTree = "<group>"; };
		D6E176E826EF967B00B87BE1 /* FlashcardView.swift */ = {isa = PBXFileReference; lastKnownFileType = sourcecode.swift; path = FlashcardView.swift; sourceTree = "<group>"; };
		D6E176EF26F3E79C00B87BE1 /* TwoPiecePuzzle.swift */ = {isa = PBXFileReference; lastKnownFileType = sourcecode.swift; path = TwoPiecePuzzle.swift; sourceTree = "<group>"; };
		D6E176F126F3E7BE00B87BE1 /* FindAndMatchView.swift */ = {isa = PBXFileReference; lastKnownFileType = sourcecode.swift; path = FindAndMatchView.swift; sourceTree = "<group>"; };
		D6E176F726F62A7600B87BE1 /* XmarkButton.swift */ = {isa = PBXFileReference; lastKnownFileType = sourcecode.swift; path = XmarkButton.swift; sourceTree = "<group>"; };
/* End PBXFileReference section */

/* Begin PBXFrameworksBuildPhase section */
		D6603C9426EA60DB005AB1E5 /* Frameworks */ = {
			isa = PBXFrameworksBuildPhase;
			buildActionMask = 2147483647;
			files = (
			);
			runOnlyForDeploymentPostprocessing = 0;
		};
/* End PBXFrameworksBuildPhase section */

/* Begin PBXGroup section */
		D609BBD827441E8E00FA96DA /* AHAP */ = {
			isa = PBXGroup;
			children = (
				D609BBD927441E8E00FA96DA /* cookie.wav */,
				D609BBDA27441E8E00FA96DA /* pillow-s2.ahap */,
				D609BBDB27441E8E00FA96DA /* kiwi-s2.ahap */,
				D609BBDC27441E8E00FA96DA /* dinner.ahap */,
				D609BBDD27441E8E00FA96DA /* dinner.wav */,
				D609BBDE27441E8E00FA96DA /* spaghetti-s1.wav */,
				D609BBDF27441E8E00FA96DA /* pillow-s1.wav */,
				D609BBE027441E8E00FA96DA /* bedroom-s1.ahap */,
				D609BBE127441E8E00FA96DA /* window.ahap */,
				D609BBE227441E8E00FA96DA /* garden-s2.ahap */,
				D609BBE327441E8E00FA96DA /* eggs.wav */,
				D609BBE427441E8E00FA96DA /* apple-s2.ahap */,
				D609BBE527441E8E00FA96DA /* banana-s1.ahap */,
				D609BBE627441E8E00FA96DA /* spaghetti-s2.wav */,
				D609BBE727441E8E00FA96DA /* pillow-s2.wav */,
				D609BBE827441E8E00FA96DA /* spaghetti-s3.wav */,
				D609BBE927441E8E00FA96DA /* window-s1.ahap */,
				D609BBEA27441E8E00FA96DA /* playground-s2.ahap */,
				D609BBEB27441E8E00FA96DA /* spaghetti.wav */,
				D609BBEC27441E8E00FA96DA /* pillow.ahap */,
				D609BBED27441E8E00FA96DA /* flower-s2.ahap */,
				D609BBEE27441E8E00FA96DA /* fork.ahap */,
				D609BBEF27441E8E00FA96DA /* pillow.wav */,
				D609BBF027441E8E00FA96DA /* duck.wav */,
				D609BBF127441E8E00FA96DA /* spoon.wav */,
				D609BBF227441E8E00FA96DA /* table.ahap */,
				D609BBF327441E8E00FA96DA /* spoon.ahap */,
				D609BBF427441E8E00FA96DA /* banana-s1.wav */,
				D609BBF527441E8E00FA96DA /* bench.wav */,
				D609BBF627441E8E00FA96DA /* dinner-s2.wav */,
				D609BBF727441E8E00FA96DA /* dinner-s2.ahap */,
				D609BBF827441E8E00FA96DA /* kiwi.ahap */,
				D609BBF927441E8E00FA96DA /* spaghetti-s1.ahap */,
				D609BBFA27441E8E00FA96DA /* bedroom.wav */,
				D609BBFB27441E8E00FA96DA /* banana-s2.wav */,
				D609BBFC27441E8E00FA96DA /* dinner-s1.wav */,
				D609BBFD27441E8E00FA96DA /* cookie-s2.ahap */,
				D609BBFE27441E8E00FA96DA /* banana-s3.wav */,
				D609BBFF27441E8E00FA96DA /* table-s2.ahap */,
				D609BC0027441E8E00FA96DA /* cookie-s1.wav */,
				D609BC0127441E8E00FA96DA /* flower-s2.wav */,
				D609BC0227441E8E00FA96DA /* apple-s2.wav */,
				D609BC0327441E8E00FA96DA /* cookie-s1.ahap */,
				D609BC0427441E8E00FA96DA /* bedroom.ahap */,
				D609BC0527441E8E00FA96DA /* table-s1.ahap */,
				D609BC0627441E8E00FA96DA /* banana.wav */,
				D609BC0727441E8E00FA96DA /* bench.ahap */,
				D609BC0827441E8E00FA96DA /* cookie-s2.wav */,
				D609BC0927441E8E00FA96DA /* dinner-s1.ahap */,
				D609BC0A27441E8E00FA96DA /* flower-s1.wav */,
				D609BC0B27441E8E00FA96DA /* apple-s1.wav */,
				D609BC0C27441E8E00FA96DA /* spaghetti-s2.ahap */,
				D609BC0D27441E8E00FA96DA /* spaghetti-s3.ahap */,
				D609BC0E27441E8E00FA96DA /* fish.wav */,
				D609BC0F27441E8E00FA96DA /* fork.wav */,
				D609BC1027441E8E00FA96DA /* table-s2.wav */,
				D609BC1127441E8E00FA96DA /* kiwi.wav */,
				D609BC1227441E8E00FA96DA /* window-s2.ahap */,
				D609BC1327441E8E00FA96DA /* wall.ahap */,
				D609BC1427441E8E00FA96DA /* playground-s1.ahap */,
				D609BC1527441E8E00FA96DA /* fish.ahap */,
				D609BC1627441E8E00FA96DA /* eggs.ahap */,
				D609BC1727441E8E00FA96DA /* garden.ahap */,
				D609BC1827441E8E00FA96DA /* table-s1.wav */,
				D609BC1927441E8E00FA96DA /* flower-s1.ahap */,
				D609BC1A27441E8E00FA96DA /* table.wav */,
				D609BC1B27441E8E00FA96DA /* banana-s2.ahap */,
				D609BC1C27441E8E00FA96DA /* window.wav */,
				D609BC1D27441E8E00FA96DA /* walk.wav */,
				D609BC1E27441E8E00FA96DA /* duck.ahap */,
				D609BC1F27441E8E00FA96DA /* playground-s1.wav */,
				D609BC2027441E8E00FA96DA /* bedroom-s2.wav */,
				D609BC2127441E8E00FA96DA /* garden.wav */,
				D609BC2227441E8E00FA96DA /* apple.wav */,
				D609BC2327441E8E00FA96DA /* grass.ahap */,
				D609BC2427441E8E00FA96DA /* grass.wav */,
				D609BC2527441E8E00FA96DA /* cookie.ahap */,
				D609BC2627441E8E00FA96DA /* banana.ahap */,
				D609BC2727441E8E00FA96DA /* bedroom-s2.ahap */,
				D609BC2827441E8E00FA96DA /* playground-s2.wav */,
				D609BC2927441E8E00FA96DA /* garden-s1.ahap */,
				D609BC2A27441E8E00FA96DA /* flower.ahap */,
				D609BC2B27441E8E00FA96DA /* bedroom-s1.wav */,
				D609BC2C27441E8E00FA96DA /* apple-s1.ahap */,
				D609BC2D27441E8E00FA96DA /* walk.ahap */,
				D609BC2E27441E8E00FA96DA /* kiwi-s2.wav */,
				D609BC2F27441E8E00FA96DA /* garden-s1.wav */,
				D609BC3027441E8E00FA96DA /* wall.wav */,
				D609BC3127441E8E00FA96DA /* window-s2.wav */,
				D609BC3227441E8E00FA96DA /* apple.ahap */,
				D609BC3327441E8E00FA96DA /* playground.ahap */,
				D609BC3427441E8E00FA96DA /* flower.wav */,
				D609BC3527441E8E00FA96DA /* kiwi-s1.wav */,
				D609BC3627441E8E00FA96DA /* garden-s2.wav */,
				D609BC3727441E8E00FA96DA /* spaghetti.ahap */,
				D609BC3827441E8E00FA96DA /* window-s1.wav */,
				D609BC3927441E8E00FA96DA /* playground.wav */,
				D609BC3A27441E8E00FA96DA /* pillow-s1.ahap */,
				D609BC3B27441E8E00FA96DA /* kiwi-s1.ahap */,
				D609BC3C27441E8E00FA96DA /* banana-s3.ahap */,
			);
			path = AHAP;
			sourceTree = "<group>";
		};
		D611041B26FBD7CA00B40555 /* Puzzle */ = {
			isa = PBXGroup;
			children = (
				D61CA51427037B28003255E9 /* PuzzleViewS.swift */,
				D611041C26FBD81800B40555 /* OnePiecePuzzle.swift */,
				D6E176EF26F3E79C00B87BE1 /* TwoPiecePuzzle.swift */,
				D61CA51227027338003255E9 /* ThreePiecePuzzle.swift */,
				D6D78EDA2705150800EFF048 /* MaskedPuzzleImage.swift */,
			);
			path = Puzzle;
			sourceTree = "<group>";
		};
		D65A266326EE9E7800D11021 /* Onboarding */ = {
			isa = PBXGroup;
			children = (
				D65A266126EE9C7200D11021 /* Onboarding.swift */,
				D65A266426EE9EDB00D11021 /* InitialOnboardingView.swift */,
				D65A266826EE9EFB00D11021 /* GenericOnboardingView.swift */,
				D65A266626EE9EE500D11021 /* FinalOnboardingView.swift */,
			);
			path = Onboarding;
			sourceTree = "<group>";
		};
		D6603C8E26EA60DB005AB1E5 = {
			isa = PBXGroup;
			children = (
				D6603C9926EA60DB005AB1E5 /* NewSermo */,
				D6603C9826EA60DB005AB1E5 /* Products */,
			);
			sourceTree = "<group>";
		};
		D6603C9826EA60DB005AB1E5 /* Products */ = {
			isa = PBXGroup;
			children = (
				D6603C9726EA60DB005AB1E5 /* NewSermo.app */,
			);
			name = Products;
			sourceTree = "<group>";
		};
		D6603C9926EA60DB005AB1E5 /* NewSermo */ = {
			isa = PBXGroup;
			children = (
				D6603C9A26EA60DB005AB1E5 /* SermoAvenue.swift */,
				D67E616226F8F4AC00A7AC40 /* UIKIT */,
				D6E176EE26F2211800B87BE1 /* Model */,
				D6603CAD26EA66C1005AB1E5 /* Components */,
				D6603CAC26EA66BC005AB1E5 /* Views */,
				D6603CAB26EA66B3005AB1E5 /* Managers */,
				D6603CAA26EA6696005AB1E5 /* Utilities */,
				D6603CA926EA667A005AB1E5 /* Screens */,
				D6603C9E26EA60DC005AB1E5 /* Assets.xcassets */,
				D609BBD827441E8E00FA96DA /* AHAP */,
				D6603CA326EA60DC005AB1E5 /* Info.plist */,
				D6603CA026EA60DC005AB1E5 /* Preview Content */,
			);
			path = NewSermo;
			sourceTree = "<group>";
		};
		D6603CA026EA60DC005AB1E5 /* Preview Content */ = {
			isa = PBXGroup;
			children = (
				D6603CA126EA60DC005AB1E5 /* Preview Assets.xcassets */,
			);
			path = "Preview Content";
			sourceTree = "<group>";
		};
		D6603CA926EA667A005AB1E5 /* Screens */ = {
			isa = PBXGroup;
			children = (
				D6603C9C26EA60DB005AB1E5 /* HomeView.swift */,
				D6603CB326EB65FE005AB1E5 /* CategoryView.swift */,
				D6E176E826EF967B00B87BE1 /* FlashcardView.swift */,
				D6E176F126F3E7BE00B87BE1 /* FindAndMatchView.swift */,
				D611041B26FBD7CA00B40555 /* Puzzle */,
				D65A266326EE9E7800D11021 /* Onboarding */,
			);
			path = Screens;
			sourceTree = "<group>";
		};
		D6603CAA26EA6696005AB1E5 /* Utilities */ = {
			isa = PBXGroup;
			children = (
				D6603CAE26EB4CDF005AB1E5 /* Extensions */,
			);
			path = Utilities;
			sourceTree = "<group>";
		};
		D6603CAB26EA66B3005AB1E5 /* Managers */ = {
			isa = PBXGroup;
			children = (
				D6D86909273D7CBD008C6082 /* HapticEngine.swift */,
			);
			path = Managers;
			sourceTree = "<group>";
		};
		D6603CAC26EA66BC005AB1E5 /* Views */ = {
			isa = PBXGroup;
			children = (
				D6603CB126EB505C005AB1E5 /* BackgroundView.swift */,
				D6474F95272DDD7A00E98EE1 /* MoreInfoAlertView.swift */,
			);
			path = Views;
			sourceTree = "<group>";
		};
		D6603CAD26EA66C1005AB1E5 /* Components */ = {
			isa = PBXGroup;
			children = (
				D67E60F426F6370400A7AC40 /* Buttons */,
			);
			path = Components;
			sourceTree = "<group>";
		};
		D6603CAE26EB4CDF005AB1E5 /* Extensions */ = {
			isa = PBXGroup;
			children = (
				D6603CAF26EB4D07005AB1E5 /* Constants+Ext.swift */,
				D695FFAD26ED602B005BCBD7 /* Navigationbar+Ext.swift */,
			);
			path = Extensions;
			sourceTree = "<group>";
		};
		D67E60F426F6370400A7AC40 /* Buttons */ = {
			isa = PBXGroup;
			children = (
				D65A266A26EEA52800D11021 /* CircleArrowButton.swift */,
				D6E176F726F62A7600B87BE1 /* XmarkButton.swift */,
				D67E60EF26F62D7300A7AC40 /* InfoButton.swift */,
				D67E60F126F6352B00A7AC40 /* RestartButton.swift */,
				D67E60F526F7E76500A7AC40 /* RoundedButton.swift */,
				D67E60F726F7E7D600A7AC40 /* WordButton.swift */,
			);
			path = Buttons;
			sourceTree = "<group>";
		};
		D67E616226F8F4AC00A7AC40 /* UIKIT */ = {
			isa = PBXGroup;
			children = (
				D67E616326F8F4B800A7AC40 /* ImagePicker.swift */,
			);
			path = UIKIT;
			sourceTree = "<group>";
		};
		D6E176EE26F2211800B87BE1 /* Model */ = {
			isa = PBXGroup;
			children = (
				D67E615E26F8BF9500A7AC40 /* Category.swift */,
			);
			path = Model;
			sourceTree = "<group>";
		};
/* End PBXGroup section */

/* Begin PBXNativeTarget section */
		D6603C9626EA60DB005AB1E5 /* NewSermo */ = {
			isa = PBXNativeTarget;
			buildConfigurationList = D6603CA626EA60DC005AB1E5 /* Build configuration list for PBXNativeTarget "NewSermo" */;
			buildPhases = (
				D6603C9326EA60DB005AB1E5 /* Sources */,
				D6603C9426EA60DB005AB1E5 /* Frameworks */,
				D6603C9526EA60DB005AB1E5 /* Resources */,
			);
			buildRules = (
			);
			dependencies = (
			);
			name = NewSermo;
			productName = NewSermo;
			productReference = D6603C9726EA60DB005AB1E5 /* NewSermo.app */;
			productType = "com.apple.product-type.application";
		};
/* End PBXNativeTarget section */

/* Begin PBXProject section */
		D6603C8F26EA60DB005AB1E5 /* Project object */ = {
			isa = PBXProject;
			attributes = {
				LastSwiftUpdateCheck = 1250;
				LastUpgradeCheck = 1250;
				TargetAttributes = {
					D6603C9626EA60DB005AB1E5 = {
						CreatedOnToolsVersion = 12.5.1;
					};
				};
			};
			buildConfigurationList = D6603C9226EA60DB005AB1E5 /* Build configuration list for PBXProject "NewSermo" */;
			compatibilityVersion = "Xcode 9.3";
			developmentRegion = en;
			hasScannedForEncodings = 0;
			knownRegions = (
				en,
				Base,
			);
			mainGroup = D6603C8E26EA60DB005AB1E5;
			productRefGroup = D6603C9826EA60DB005AB1E5 /* Products */;
			projectDirPath = "";
			projectRoot = "";
			targets = (
				D6603C9626EA60DB005AB1E5 /* NewSermo */,
			);
		};
/* End PBXProject section */

/* Begin PBXResourcesBuildPhase section */
		D6603C9526EA60DB005AB1E5 /* Resources */ = {
			isa = PBXResourcesBuildPhase;
			buildActionMask = 2147483647;
			files = (
				D609BC7027441E8E00FA96DA /* spaghetti-s2.ahap in Resources */,
				D609BC7E27441E8E00FA96DA /* table.wav in Resources */,
				D609BC6B27441E8E00FA96DA /* bench.ahap in Resources */,
				D609BC4F27441E8E00FA96DA /* spaghetti.wav in Resources */,
				D609BC8A27441E8E00FA96DA /* banana.ahap in Resources */,
				D6603CA226EA60DC005AB1E5 /* Preview Assets.xcassets in Resources */,
				D609BC4927441E8E00FA96DA /* banana-s1.ahap in Resources */,
				D609BC5C27441E8E00FA96DA /* kiwi.ahap in Resources */,
				D609BC7227441E8E00FA96DA /* fish.wav in Resources */,
				D609BC8427441E8E00FA96DA /* bedroom-s2.wav in Resources */,
				D609BC5D27441E8E00FA96DA /* spaghetti-s1.ahap in Resources */,
				D609BC7827441E8E00FA96DA /* playground-s1.ahap in Resources */,
				D609BC9D27441E8E00FA96DA /* playground.wav in Resources */,
				D609BC7727441E8E00FA96DA /* wall.ahap in Resources */,
				D609BC6527441E8E00FA96DA /* flower-s2.wav in Resources */,
				D609BC5227441E8E00FA96DA /* fork.ahap in Resources */,
				D609BC7927441E8E00FA96DA /* fish.ahap in Resources */,
				D609BC4527441E8E00FA96DA /* window.ahap in Resources */,
				D609BC9E27441E8E00FA96DA /* pillow-s1.ahap in Resources */,
				D609BC4327441E8E00FA96DA /* pillow-s1.wav in Resources */,
				D609BC8227441E8E00FA96DA /* duck.ahap in Resources */,
				D609BC4127441E8E00FA96DA /* dinner.wav in Resources */,
				D609BC4027441E8E00FA96DA /* dinner.ahap in Resources */,
				D609BC7427441E8E00FA96DA /* table-s2.wav in Resources */,
				D609BC8827441E8E00FA96DA /* grass.wav in Resources */,
				D609BC8127441E8E00FA96DA /* walk.wav in Resources */,
				D6603C9F26EA60DC005AB1E5 /* Assets.xcassets in Resources */,
				D609BC7C27441E8E00FA96DA /* table-s1.wav in Resources */,
				D609BC7127441E8E00FA96DA /* spaghetti-s3.ahap in Resources */,
				D609BC8027441E8E00FA96DA /* window.wav in Resources */,
				D609BC9627441E8E00FA96DA /* apple.ahap in Resources */,
				D609BC9927441E8E00FA96DA /* kiwi-s1.wav in Resources */,
				D609BC6627441E8E00FA96DA /* apple-s2.wav in Resources */,
				D609BC5B27441E8E00FA96DA /* dinner-s2.ahap in Resources */,
				D609BC8F27441E8E00FA96DA /* bedroom-s1.wav in Resources */,
				D609BC8E27441E8E00FA96DA /* flower.ahap in Resources */,
				D609BC4D27441E8E00FA96DA /* window-s1.ahap in Resources */,
				D609BC9527441E8E00FA96DA /* window-s2.wav in Resources */,
				D609BC6727441E8E00FA96DA /* cookie-s1.ahap in Resources */,
				D609BC4A27441E8E00FA96DA /* spaghetti-s2.wav in Resources */,
				D609BC3F27441E8E00FA96DA /* kiwi-s2.ahap in Resources */,
				D609BC5F27441E8E00FA96DA /* banana-s2.wav in Resources */,
				D609BC8D27441E8E00FA96DA /* garden-s1.ahap in Resources */,
				D609BC6D27441E8E00FA96DA /* dinner-s1.ahap in Resources */,
				D609BC9827441E8E00FA96DA /* flower.wav in Resources */,
				D609BC4827441E8E00FA96DA /* apple-s2.ahap in Resources */,
				D609BC9A27441E8E00FA96DA /* garden-s2.wav in Resources */,
				D609BC8627441E8E00FA96DA /* apple.wav in Resources */,
				D609BCA027441E8E00FA96DA /* banana-s3.ahap in Resources */,
				D609BC6827441E8E00FA96DA /* bedroom.ahap in Resources */,
				D609BC6F27441E8E00FA96DA /* apple-s1.wav in Resources */,
				D609BC5027441E8E00FA96DA /* pillow.ahap in Resources */,
				D609BC5327441E8E00FA96DA /* pillow.wav in Resources */,
				D609BC5827441E8E00FA96DA /* banana-s1.wav in Resources */,
				D609BC9F27441E8E00FA96DA /* kiwi-s1.ahap in Resources */,
				D609BC6927441E8E00FA96DA /* table-s1.ahap in Resources */,
				D609BC7627441E8E00FA96DA /* window-s2.ahap in Resources */,
				D609BC8B27441E8E00FA96DA /* bedroom-s2.ahap in Resources */,
				D609BC9327441E8E00FA96DA /* garden-s1.wav in Resources */,
				D609BC5127441E8E00FA96DA /* flower-s2.ahap in Resources */,
				D609BC6227441E8E00FA96DA /* banana-s3.wav in Resources */,
				D609BC8927441E8E00FA96DA /* cookie.ahap in Resources */,
				D609BC6E27441E8E00FA96DA /* flower-s1.wav in Resources */,
				D609BC9227441E8E00FA96DA /* kiwi-s2.wav in Resources */,
				D609BC4C27441E8E00FA96DA /* spaghetti-s3.wav in Resources */,
				D609BC9027441E8E00FA96DA /* apple-s1.ahap in Resources */,
				D609BC9C27441E8E00FA96DA /* window-s1.wav in Resources */,
				D609BC6027441E8E00FA96DA /* dinner-s1.wav in Resources */,
				D609BC4B27441E8E00FA96DA /* pillow-s2.wav in Resources */,
				D609BC5627441E8E00FA96DA /* table.ahap in Resources */,
				D609BC9427441E8E00FA96DA /* wall.wav in Resources */,
				D609BC5927441E8E00FA96DA /* bench.wav in Resources */,
				D609BC6C27441E8E00FA96DA /* cookie-s2.wav in Resources */,
				D609BC7F27441E8E00FA96DA /* banana-s2.ahap in Resources */,
				D609BC4E27441E8E00FA96DA /* playground-s2.ahap in Resources */,
				D609BC9B27441E8E00FA96DA /* spaghetti.ahap in Resources */,
				D609BC7527441E8E00FA96DA /* kiwi.wav in Resources */,
				D609BC9727441E8E00FA96DA /* playground.ahap in Resources */,
				D609BC5727441E8E00FA96DA /* spoon.ahap in Resources */,
				D609BC8C27441E8E00FA96DA /* playground-s2.wav in Resources */,
				D609BC6127441E8E00FA96DA /* cookie-s2.ahap in Resources */,
				D609BC7D27441E8E00FA96DA /* flower-s1.ahap in Resources */,
				D609BC5527441E8E00FA96DA /* spoon.wav in Resources */,
				D609BC4727441E8E00FA96DA /* eggs.wav in Resources */,
				D609BC6427441E8E00FA96DA /* cookie-s1.wav in Resources */,
				D609BC3D27441E8E00FA96DA /* cookie.wav in Resources */,
				D609BC6A27441E8E00FA96DA /* banana.wav in Resources */,
				D609BC8527441E8E00FA96DA /* garden.wav in Resources */,
				D609BC7327441E8E00FA96DA /* fork.wav in Resources */,
				D609BC7A27441E8E00FA96DA /* eggs.ahap in Resources */,
				D609BC4227441E8E00FA96DA /* spaghetti-s1.wav in Resources */,
				D609BC5A27441E8E00FA96DA /* dinner-s2.wav in Resources */,
				D609BC5E27441E8E00FA96DA /* bedroom.wav in Resources */,
				D609BC6327441E8E00FA96DA /* table-s2.ahap in Resources */,
				D609BC8727441E8E00FA96DA /* grass.ahap in Resources */,
				D609BC7B27441E8E00FA96DA /* garden.ahap in Resources */,
				D609BC4627441E8E00FA96DA /* garden-s2.ahap in Resources */,
				D609BC8327441E8E00FA96DA /* playground-s1.wav in Resources */,
				D609BC9127441E8E00FA96DA /* walk.ahap in Resources */,
				D609BC4427441E8E00FA96DA /* bedroom-s1.ahap in Resources */,
				D609BC3E27441E8E00FA96DA /* pillow-s2.ahap in Resources */,
				D609BC5427441E8E00FA96DA /* duck.wav in Resources */,
			);
			runOnlyForDeploymentPostprocessing = 0;
		};
/* End PBXResourcesBuildPhase section */

/* Begin PBXSourcesBuildPhase section */
		D6603C9326EA60DB005AB1E5 /* Sources */ = {
			isa = PBXSourcesBuildPhase;
			buildActionMask = 2147483647;
			files = (
				D61CA51327027338003255E9 /* ThreePiecePuzzle.swift in Sources */,
				D6E176F826F62A7600B87BE1 /* XmarkButton.swift in Sources */,
				D6E176F026F3E79C00B87BE1 /* TwoPiecePuzzle.swift in Sources */,
				D6603C9D26EA60DB005AB1E5 /* HomeView.swift in Sources */,
				D67E616426F8F4B800A7AC40 /* ImagePicker.swift in Sources */,
				D67E60F026F62D7300A7AC40 /* InfoButton.swift in Sources */,
				D6474F96272DDD7A00E98EE1 /* MoreInfoAlertView.swift in Sources */,
				D67E60F826F7E7D600A7AC40 /* WordButton.swift in Sources */,
				D65A266526EE9EDB00D11021 /* InitialOnboardingView.swift in Sources */,
				D61CA51527037B28003255E9 /* PuzzleViewS.swift in Sources */,
				D6E176F226F3E7BE00B87BE1 /* FindAndMatchView.swift in Sources */,
				D6603C9B26EA60DB005AB1E5 /* SermoAvenue.swift in Sources */,
				D65A266726EE9EE500D11021 /* FinalOnboardingView.swift in Sources */,
				D6D8690A273D7CBD008C6082 /* HapticEngine.swift in Sources */,
				D6603CB226EB505C005AB1E5 /* BackgroundView.swift in Sources */,
				D67E60F226F6352B00A7AC40 /* RestartButton.swift in Sources */,
				D67E615F26F8BF9500A7AC40 /* Category.swift in Sources */,
				D6E176E926EF967B00B87BE1 /* FlashcardView.swift in Sources */,
				D65A266226EE9C7200D11021 /* Onboarding.swift in Sources */,
				D65A266926EE9EFB00D11021 /* GenericOnboardingView.swift in Sources */,
				D67E60F626F7E76500A7AC40 /* RoundedButton.swift in Sources */,
				D611041D26FBD81800B40555 /* OnePiecePuzzle.swift in Sources */,
				D6D78EDB2705150800EFF048 /* MaskedPuzzleImage.swift in Sources */,
				D6603CB026EB4D07005AB1E5 /* Constants+Ext.swift in Sources */,
				D6603CB426EB65FE005AB1E5 /* CategoryView.swift in Sources */,
				D695FFAE26ED602B005BCBD7 /* Navigationbar+Ext.swift in Sources */,
				D65A266B26EEA52800D11021 /* CircleArrowButton.swift in Sources */,
			);
			runOnlyForDeploymentPostprocessing = 0;
		};
/* End PBXSourcesBuildPhase section */

/* Begin XCBuildConfiguration section */
		D6603CA426EA60DC005AB1E5 /* Debug */ = {
			isa = XCBuildConfiguration;
			buildSettings = {
				ALWAYS_SEARCH_USER_PATHS = NO;
				CLANG_ANALYZER_NONNULL = YES;
				CLANG_ANALYZER_NUMBER_OBJECT_CONVERSION = YES_AGGRESSIVE;
				CLANG_CXX_LANGUAGE_STANDARD = "gnu++14";
				CLANG_CXX_LIBRARY = "libc++";
				CLANG_ENABLE_MODULES = YES;
				CLANG_ENABLE_OBJC_ARC = YES;
				CLANG_ENABLE_OBJC_WEAK = YES;
				CLANG_WARN_BLOCK_CAPTURE_AUTORELEASING = YES;
				CLANG_WARN_BOOL_CONVERSION = YES;
				CLANG_WARN_COMMA = YES;
				CLANG_WARN_CONSTANT_CONVERSION = YES;
				CLANG_WARN_DEPRECATED_OBJC_IMPLEMENTATIONS = YES;
				CLANG_WARN_DIRECT_OBJC_ISA_USAGE = YES_ERROR;
				CLANG_WARN_DOCUMENTATION_COMMENTS = YES;
				CLANG_WARN_EMPTY_BODY = YES;
				CLANG_WARN_ENUM_CONVERSION = YES;
				CLANG_WARN_INFINITE_RECURSION = YES;
				CLANG_WARN_INT_CONVERSION = YES;
				CLANG_WARN_NON_LITERAL_NULL_CONVERSION = YES;
				CLANG_WARN_OBJC_IMPLICIT_RETAIN_SELF = YES;
				CLANG_WARN_OBJC_LITERAL_CONVERSION = YES;
				CLANG_WARN_OBJC_ROOT_CLASS = YES_ERROR;
				CLANG_WARN_QUOTED_INCLUDE_IN_FRAMEWORK_HEADER = YES;
				CLANG_WARN_RANGE_LOOP_ANALYSIS = YES;
				CLANG_WARN_STRICT_PROTOTYPES = YES;
				CLANG_WARN_SUSPICIOUS_MOVE = YES;
				CLANG_WARN_UNGUARDED_AVAILABILITY = YES_AGGRESSIVE;
				CLANG_WARN_UNREACHABLE_CODE = YES;
				CLANG_WARN__DUPLICATE_METHOD_MATCH = YES;
				COPY_PHASE_STRIP = NO;
				DEBUG_INFORMATION_FORMAT = dwarf;
				ENABLE_STRICT_OBJC_MSGSEND = YES;
				ENABLE_TESTABILITY = YES;
				GCC_C_LANGUAGE_STANDARD = gnu11;
				GCC_DYNAMIC_NO_PIC = NO;
				GCC_NO_COMMON_BLOCKS = YES;
				GCC_OPTIMIZATION_LEVEL = 0;
				GCC_PREPROCESSOR_DEFINITIONS = (
					"DEBUG=1",
					"$(inherited)",
				);
				GCC_WARN_64_TO_32_BIT_CONVERSION = YES;
				GCC_WARN_ABOUT_RETURN_TYPE = YES_ERROR;
				GCC_WARN_UNDECLARED_SELECTOR = YES;
				GCC_WARN_UNINITIALIZED_AUTOS = YES_AGGRESSIVE;
				GCC_WARN_UNUSED_FUNCTION = YES;
				GCC_WARN_UNUSED_VARIABLE = YES;
				IPHONEOS_DEPLOYMENT_TARGET = 14.5;
				MTL_ENABLE_DEBUG_INFO = INCLUDE_SOURCE;
				MTL_FAST_MATH = YES;
				ONLY_ACTIVE_ARCH = YES;
				SDKROOT = iphoneos;
				SWIFT_ACTIVE_COMPILATION_CONDITIONS = DEBUG;
				SWIFT_OPTIMIZATION_LEVEL = "-Onone";
			};
			name = Debug;
		};
		D6603CA526EA60DC005AB1E5 /* Release */ = {
			isa = XCBuildConfiguration;
			buildSettings = {
				ALWAYS_SEARCH_USER_PATHS = NO;
				CLANG_ANALYZER_NONNULL = YES;
				CLANG_ANALYZER_NUMBER_OBJECT_CONVERSION = YES_AGGRESSIVE;
				CLANG_CXX_LANGUAGE_STANDARD = "gnu++14";
				CLANG_CXX_LIBRARY = "libc++";
				CLANG_ENABLE_MODULES = YES;
				CLANG_ENABLE_OBJC_ARC = YES;
				CLANG_ENABLE_OBJC_WEAK = YES;
				CLANG_WARN_BLOCK_CAPTURE_AUTORELEASING = YES;
				CLANG_WARN_BOOL_CONVERSION = YES;
				CLANG_WARN_COMMA = YES;
				CLANG_WARN_CONSTANT_CONVERSION = YES;
				CLANG_WARN_DEPRECATED_OBJC_IMPLEMENTATIONS = YES;
				CLANG_WARN_DIRECT_OBJC_ISA_USAGE = YES_ERROR;
				CLANG_WARN_DOCUMENTATION_COMMENTS = YES;
				CLANG_WARN_EMPTY_BODY = YES;
				CLANG_WARN_ENUM_CONVERSION = YES;
				CLANG_WARN_INFINITE_RECURSION = YES;
				CLANG_WARN_INT_CONVERSION = YES;
				CLANG_WARN_NON_LITERAL_NULL_CONVERSION = YES;
				CLANG_WARN_OBJC_IMPLICIT_RETAIN_SELF = YES;
				CLANG_WARN_OBJC_LITERAL_CONVERSION = YES;
				CLANG_WARN_OBJC_ROOT_CLASS = YES_ERROR;
				CLANG_WARN_QUOTED_INCLUDE_IN_FRAMEWORK_HEADER = YES;
				CLANG_WARN_RANGE_LOOP_ANALYSIS = YES;
				CLANG_WARN_STRICT_PROTOTYPES = YES;
				CLANG_WARN_SUSPICIOUS_MOVE = YES;
				CLANG_WARN_UNGUARDED_AVAILABILITY = YES_AGGRESSIVE;
				CLANG_WARN_UNREACHABLE_CODE = YES;
				CLANG_WARN__DUPLICATE_METHOD_MATCH = YES;
				COPY_PHASE_STRIP = NO;
				DEBUG_INFORMATION_FORMAT = "dwarf-with-dsym";
				ENABLE_NS_ASSERTIONS = NO;
				ENABLE_STRICT_OBJC_MSGSEND = YES;
				GCC_C_LANGUAGE_STANDARD = gnu11;
				GCC_NO_COMMON_BLOCKS = YES;
				GCC_WARN_64_TO_32_BIT_CONVERSION = YES;
				GCC_WARN_ABOUT_RETURN_TYPE = YES_ERROR;
				GCC_WARN_UNDECLARED_SELECTOR = YES;
				GCC_WARN_UNINITIALIZED_AUTOS = YES_AGGRESSIVE;
				GCC_WARN_UNUSED_FUNCTION = YES;
				GCC_WARN_UNUSED_VARIABLE = YES;
				IPHONEOS_DEPLOYMENT_TARGET = 14.5;
				MTL_ENABLE_DEBUG_INFO = NO;
				MTL_FAST_MATH = YES;
				SDKROOT = iphoneos;
				SWIFT_COMPILATION_MODE = wholemodule;
				SWIFT_OPTIMIZATION_LEVEL = "-O";
				VALIDATE_PRODUCT = YES;
			};
			name = Release;
		};
		D6603CA726EA60DC005AB1E5 /* Debug */ = {
			isa = XCBuildConfiguration;
			buildSettings = {
				ASSETCATALOG_COMPILER_APPICON_NAME = AppIcon;
				ASSETCATALOG_COMPILER_GLOBAL_ACCENT_COLOR_NAME = AccentColor;
				CODE_SIGN_STYLE = Automatic;
				CURRENT_PROJECT_VERSION = 14;
				DEVELOPMENT_ASSET_PATHS = "\"NewSermo/Preview Content\"";
				DEVELOPMENT_TEAM = U68AWG975G;
				ENABLE_PREVIEWS = YES;
				INFOPLIST_FILE = NewSermo/Info.plist;
				IPHONEOS_DEPLOYMENT_TARGET = 15.0;
				LD_RUNPATH_SEARCH_PATHS = (
					"$(inherited)",
					"@executable_path/Frameworks",
				);
				PRODUCT_BUNDLE_IDENTIFIER = com.internationalteam.newsermo;
				PRODUCT_NAME = "$(TARGET_NAME)";
				SWIFT_VERSION = 5.0;
				TARGETED_DEVICE_FAMILY = 1;
			};
			name = Debug;
		};
		D6603CA826EA60DC005AB1E5 /* Release */ = {
			isa = XCBuildConfiguration;
			buildSettings = {
				ASSETCATALOG_COMPILER_APPICON_NAME = AppIcon;
				ASSETCATALOG_COMPILER_GLOBAL_ACCENT_COLOR_NAME = AccentColor;
				CODE_SIGN_STYLE = Automatic;
				CURRENT_PROJECT_VERSION = 14;
				DEVELOPMENT_ASSET_PATHS = "\"NewSermo/Preview Content\"";
				DEVELOPMENT_TEAM = U68AWG975G;
				ENABLE_PREVIEWS = YES;
				INFOPLIST_FILE = NewSermo/Info.plist;
				IPHONEOS_DEPLOYMENT_TARGET = 15.0;
				LD_RUNPATH_SEARCH_PATHS = (
					"$(inherited)",
					"@executable_path/Frameworks",
				);
				PRODUCT_BUNDLE_IDENTIFIER = com.internationalteam.newsermo;
				PRODUCT_NAME = "$(TARGET_NAME)";
				SWIFT_VERSION = 5.0;
				TARGETED_DEVICE_FAMILY = 1;
			};
			name = Release;
		};
/* End XCBuildConfiguration section */

/* Begin XCConfigurationList section */
		D6603C9226EA60DB005AB1E5 /* Build configuration list for PBXProject "NewSermo" */ = {
			isa = XCConfigurationList;
			buildConfigurations = (
				D6603CA426EA60DC005AB1E5 /* Debug */,
				D6603CA526EA60DC005AB1E5 /* Release */,
			);
			defaultConfigurationIsVisible = 0;
			defaultConfigurationName = Release;
		};
		D6603CA626EA60DC005AB1E5 /* Build configuration list for PBXNativeTarget "NewSermo" */ = {
			isa = XCConfigurationList;
			buildConfigurations = (
				D6603CA726EA60DC005AB1E5 /* Debug */,
				D6603CA826EA60DC005AB1E5 /* Release */,
			);
			defaultConfigurationIsVisible = 0;
			defaultConfigurationName = Release;
		};
/* End XCConfigurationList section */
	};
	rootObject = D6603C8F26EA60DB005AB1E5 /* Project object */;
}
