// !$*UTF8*$!
{
	archiveVersion = 1;
	classes = {
	};
	objectVersion = 50;
	objects = {

/* Begin PBXBuildFile section */
		D65A266226EE9C7200D11021 /* Onboarding.swift in Sources */ = {isa = PBXBuildFile; fileRef = D65A266126EE9C7200D11021 /* Onboarding.swift */; };
		D65A266526EE9EDB00D11021 /* InitialOnboardingView.swift in Sources */ = {isa = PBXBuildFile; fileRef = D65A266426EE9EDB00D11021 /* InitialOnboardingView.swift */; };
		D65A266726EE9EE500D11021 /* FinalOnboardingView.swift in Sources */ = {isa = PBXBuildFile; fileRef = D65A266626EE9EE500D11021 /* FinalOnboardingView.swift */; };
		D65A266926EE9EFB00D11021 /* GenericOnboardingView.swift in Sources */ = {isa = PBXBuildFile; fileRef = D65A266826EE9EFB00D11021 /* GenericOnboardingView.swift */; };
		D65A266B26EEA52800D11021 /* CircleArrowButton.swift in Sources */ = {isa = PBXBuildFile; fileRef = D65A266A26EEA52800D11021 /* CircleArrowButton.swift */; };
		D6603C9B26EA60DB005AB1E5 /* SermoAvenue.swift in Sources */ = {isa = PBXBuildFile; fileRef = D6603C9A26EA60DB005AB1E5 /* SermoAvenue.swift */; };
		D6603C9D26EA60DB005AB1E5 /* HomeView.swift in Sources */ = {isa = PBXBuildFile; fileRef = D6603C9C26EA60DB005AB1E5 /* HomeView.swift */; };
		D6603C9F26EA60DC005AB1E5 /* Assets.xcassets in Resources */ = {isa = PBXBuildFile; fileRef = D6603C9E26EA60DC005AB1E5 /* Assets.xcassets */; };
		D6603CA226EA60DC005AB1E5 /* Preview Assets.xcassets in Resources */ = {isa = PBXBuildFile; fileRef = D6603CA126EA60DC005AB1E5 /* Preview Assets.xcassets */; };
		D6603CB026EB4D07005AB1E5 /* Constants+Ext.swift in Sources */ = {isa = PBXBuildFile; fileRef = D6603CAF26EB4D07005AB1E5 /* Constants+Ext.swift */; };
		D6603CB226EB505C005AB1E5 /* BackgroundView.swift in Sources */ = {isa = PBXBuildFile; fileRef = D6603CB126EB505C005AB1E5 /* BackgroundView.swift */; };
		D6603CB426EB65FE005AB1E5 /* CategoryView.swift in Sources */ = {isa = PBXBuildFile; fileRef = D6603CB326EB65FE005AB1E5 /* CategoryView.swift */; };
		D67E60F026F62D7300A7AC40 /* InfoButton.swift in Sources */ = {isa = PBXBuildFile; fileRef = D67E60EF26F62D7300A7AC40 /* InfoButton.swift */; };
		D67E60F226F6352B00A7AC40 /* RestartButton.swift in Sources */ = {isa = PBXBuildFile; fileRef = D67E60F126F6352B00A7AC40 /* RestartButton.swift */; };
		D67E60F626F7E76500A7AC40 /* RoundedButton.swift in Sources */ = {isa = PBXBuildFile; fileRef = D67E60F526F7E76500A7AC40 /* RoundedButton.swift */; };
		D67E60F826F7E7D600A7AC40 /* WordButton.swift in Sources */ = {isa = PBXBuildFile; fileRef = D67E60F726F7E7D600A7AC40 /* WordButton.swift */; };
		D67E615F26F8BF9500A7AC40 /* Category.swift in Sources */ = {isa = PBXBuildFile; fileRef = D67E615E26F8BF9500A7AC40 /* Category.swift */; };
		D67E616426F8F4B800A7AC40 /* ImagePicker.swift in Sources */ = {isa = PBXBuildFile; fileRef = D67E616326F8F4B800A7AC40 /* ImagePicker.swift */; };
		D695FFAE26ED602B005BCBD7 /* Navigationbar+Ext.swift in Sources */ = {isa = PBXBuildFile; fileRef = D695FFAD26ED602B005BCBD7 /* Navigationbar+Ext.swift */; };
		D6E176E926EF967B00B87BE1 /* FlashcardView.swift in Sources */ = {isa = PBXBuildFile; fileRef = D6E176E826EF967B00B87BE1 /* FlashcardView.swift */; };
		D6E176F026F3E79C00B87BE1 /* PuzzleView.swift in Sources */ = {isa = PBXBuildFile; fileRef = D6E176EF26F3E79C00B87BE1 /* PuzzleView.swift */; };
		D6E176F226F3E7BE00B87BE1 /* FindAndMatchView.swift in Sources */ = {isa = PBXBuildFile; fileRef = D6E176F126F3E7BE00B87BE1 /* FindAndMatchView.swift */; };
		D6E176F826F62A7600B87BE1 /* XmarkButton.swift in Sources */ = {isa = PBXBuildFile; fileRef = D6E176F726F62A7600B87BE1 /* XmarkButton.swift */; };
/* End PBXBuildFile section */

/* Begin PBXFileReference section */
		D65A266126EE9C7200D11021 /* Onboarding.swift */ = {isa = PBXFileReference; lastKnownFileType = sourcecode.swift; path = Onboarding.swift; sourceTree = "<group>"; };
		D65A266426EE9EDB00D11021 /* InitialOnboardingView.swift */ = {isa = PBXFileReference; lastKnownFileType = sourcecode.swift; path = InitialOnboardingView.swift; sourceTree = "<group>"; };
		D65A266626EE9EE500D11021 /* FinalOnboardingView.swift */ = {isa = PBXFileReference; lastKnownFileType = sourcecode.swift; path = FinalOnboardingView.swift; sourceTree = "<group>"; };
		D65A266826EE9EFB00D11021 /* GenericOnboardingView.swift */ = {isa = PBXFileReference; lastKnownFileType = sourcecode.swift; path = GenericOnboardingView.swift; sourceTree = "<group>"; };
		D65A266A26EEA52800D11021 /* CircleArrowButton.swift */ = {isa = PBXFileReference; lastKnownFileType = sourcecode.swift; path = CircleArrowButton.swift; sourceTree = "<group>"; };
		D6603C9726EA60DB005AB1E5 /* NewSermo.app */ = {isa = PBXFileReference; explicitFileType = wrapper.application; includeInIndex = 0; path = NewSermo.app; sourceTree = BUILT_PRODUCTS_DIR; };
		D6603C9A26EA60DB005AB1E5 /* SermoAvenue.swift */ = {isa = PBXFileReference; lastKnownFileType = sourcecode.swift; path = SermoAvenue.swift; sourceTree = "<group>"; };
		D6603C9C26EA60DB005AB1E5 /* HomeView.swift */ = {isa = PBXFileReference; lastKnownFileType = sourcecode.swift; path = HomeView.swift; sourceTree = "<group>"; };
		D6603C9E26EA60DC005AB1E5 /* Assets.xcassets */ = {isa = PBXFileReference; lastKnownFileType = folder.assetcatalog; path = Assets.xcassets; sourceTree = "<group>"; };
		D6603CA126EA60DC005AB1E5 /* Preview Assets.xcassets */ = {isa = PBXFileReference; lastKnownFileType = folder.assetcatalog; path = "Preview Assets.xcassets"; sourceTree = "<group>"; };
		D6603CA326EA60DC005AB1E5 /* Info.plist */ = {isa = PBXFileReference; lastKnownFileType = text.plist.xml; path = Info.plist; sourceTree = "<group>"; };
		D6603CAF26EB4D07005AB1E5 /* Constants+Ext.swift */ = {isa = PBXFileReference; lastKnownFileType = sourcecode.swift; path = "Constants+Ext.swift"; sourceTree = "<group>"; };
		D6603CB126EB505C005AB1E5 /* BackgroundView.swift */ = {isa = PBXFileReference; lastKnownFileType = sourcecode.swift; path = BackgroundView.swift; sourceTree = "<group>"; };
		D6603CB326EB65FE005AB1E5 /* CategoryView.swift */ = {isa = PBXFileReference; lastKnownFileType = sourcecode.swift; path = CategoryView.swift; sourceTree = "<group>"; };
		D67E60EF26F62D7300A7AC40 /* InfoButton.swift */ = {isa = PBXFileReference; lastKnownFileType = sourcecode.swift; path = InfoButton.swift; sourceTree = "<group>"; };
		D67E60F126F6352B00A7AC40 /* RestartButton.swift */ = {isa = PBXFileReference; lastKnownFileType = sourcecode.swift; path = RestartButton.swift; sourceTree = "<group>"; };
		D67E60F526F7E76500A7AC40 /* RoundedButton.swift */ = {isa = PBXFileReference; lastKnownFileType = sourcecode.swift; path = RoundedButton.swift; sourceTree = "<group>"; };
		D67E60F726F7E7D600A7AC40 /* WordButton.swift */ = {isa = PBXFileReference; lastKnownFileType = sourcecode.swift; path = WordButton.swift; sourceTree = "<group>"; };
		D67E60FA26F8BF4400A7AC40 /* cookie.wav */ = {isa = PBXFileReference; lastKnownFileType = audio.wav; path = cookie.wav; sourceTree = "<group>"; };
		D67E60FB26F8BF4400A7AC40 /* pillow-s2.ahap */ = {isa = PBXFileReference; lastKnownFileType = text; path = "pillow-s2.ahap"; sourceTree = "<group>"; };
		D67E60FC26F8BF4400A7AC40 /* kiwi-s2.ahap */ = {isa = PBXFileReference; lastKnownFileType = text; path = "kiwi-s2.ahap"; sourceTree = "<group>"; };
		D67E60FD26F8BF4400A7AC40 /* dinner.ahap */ = {isa = PBXFileReference; lastKnownFileType = text; path = dinner.ahap; sourceTree = "<group>"; };
		D67E60FE26F8BF4400A7AC40 /* dinner.wav */ = {isa = PBXFileReference; lastKnownFileType = audio.wav; path = dinner.wav; sourceTree = "<group>"; };
		D67E60FF26F8BF4400A7AC40 /* spaghetti-s1.wav */ = {isa = PBXFileReference; lastKnownFileType = audio.wav; path = "spaghetti-s1.wav"; sourceTree = "<group>"; };
		D67E610026F8BF4400A7AC40 /* pillow-s1.wav */ = {isa = PBXFileReference; lastKnownFileType = audio.wav; path = "pillow-s1.wav"; sourceTree = "<group>"; };
		D67E610126F8BF4400A7AC40 /* bedroom-s1.ahap */ = {isa = PBXFileReference; lastKnownFileType = text; path = "bedroom-s1.ahap"; sourceTree = "<group>"; };
		D67E610226F8BF4400A7AC40 /* window.ahap */ = {isa = PBXFileReference; lastKnownFileType = text; path = window.ahap; sourceTree = "<group>"; };
		D67E610326F8BF4400A7AC40 /* garden-s2.ahap */ = {isa = PBXFileReference; lastKnownFileType = text; path = "garden-s2.ahap"; sourceTree = "<group>"; };
		D67E610426F8BF4400A7AC40 /* eggs.wav */ = {isa = PBXFileReference; lastKnownFileType = audio.wav; path = eggs.wav; sourceTree = "<group>"; };
		D67E610526F8BF4400A7AC40 /* apple-s2.ahap */ = {isa = PBXFileReference; lastKnownFileType = text; path = "apple-s2.ahap"; sourceTree = "<group>"; };
		D67E610626F8BF4400A7AC40 /* banana-s1.ahap */ = {isa = PBXFileReference; lastKnownFileType = text; path = "banana-s1.ahap"; sourceTree = "<group>"; };
		D67E610726F8BF4400A7AC40 /* spaghetti-s2.wav */ = {isa = PBXFileReference; lastKnownFileType = audio.wav; path = "spaghetti-s2.wav"; sourceTree = "<group>"; };
		D67E610826F8BF4400A7AC40 /* pillow-s2.wav */ = {isa = PBXFileReference; lastKnownFileType = audio.wav; path = "pillow-s2.wav"; sourceTree = "<group>"; };
		D67E610926F8BF4400A7AC40 /* spaghetti-s3.wav */ = {isa = PBXFileReference; lastKnownFileType = audio.wav; path = "spaghetti-s3.wav"; sourceTree = "<group>"; };
		D67E610A26F8BF4400A7AC40 /* window-s1.ahap */ = {isa = PBXFileReference; lastKnownFileType = text; path = "window-s1.ahap"; sourceTree = "<group>"; };
		D67E610B26F8BF4400A7AC40 /* playground-s2.ahap */ = {isa = PBXFileReference; lastKnownFileType = text; path = "playground-s2.ahap"; sourceTree = "<group>"; };
		D67E610C26F8BF4400A7AC40 /* spaghetti.wav */ = {isa = PBXFileReference; lastKnownFileType = audio.wav; path = spaghetti.wav; sourceTree = "<group>"; };
		D67E610D26F8BF4400A7AC40 /* pillow.ahap */ = {isa = PBXFileReference; lastKnownFileType = text; path = pillow.ahap; sourceTree = "<group>"; };
		D67E610E26F8BF4500A7AC40 /* flower-s2.ahap */ = {isa = PBXFileReference; lastKnownFileType = text; path = "flower-s2.ahap"; sourceTree = "<group>"; };
		D67E610F26F8BF4500A7AC40 /* fork.ahap */ = {isa = PBXFileReference; lastKnownFileType = text; path = fork.ahap; sourceTree = "<group>"; };
		D67E611026F8BF4500A7AC40 /* pillow.wav */ = {isa = PBXFileReference; lastKnownFileType = audio.wav; path = pillow.wav; sourceTree = "<group>"; };
		D67E611126F8BF4500A7AC40 /* duck.wav */ = {isa = PBXFileReference; lastKnownFileType = audio.wav; path = duck.wav; sourceTree = "<group>"; };
		D67E611226F8BF4500A7AC40 /* spoon.wav */ = {isa = PBXFileReference; lastKnownFileType = audio.wav; path = spoon.wav; sourceTree = "<group>"; };
		D67E611326F8BF4500A7AC40 /* table.ahap */ = {isa = PBXFileReference; lastKnownFileType = text; path = table.ahap; sourceTree = "<group>"; };
		D67E611426F8BF4500A7AC40 /* spoon.ahap */ = {isa = PBXFileReference; lastKnownFileType = text; path = spoon.ahap; sourceTree = "<group>"; };
		D67E611526F8BF4500A7AC40 /* banana-s1.wav */ = {isa = PBXFileReference; lastKnownFileType = audio.wav; path = "banana-s1.wav"; sourceTree = "<group>"; };
		D67E611626F8BF4500A7AC40 /* bench.wav */ = {isa = PBXFileReference; lastKnownFileType = audio.wav; path = bench.wav; sourceTree = "<group>"; };
		D67E611726F8BF4500A7AC40 /* dinner-s2.wav */ = {isa = PBXFileReference; lastKnownFileType = audio.wav; path = "dinner-s2.wav"; sourceTree = "<group>"; };
		D67E611826F8BF4500A7AC40 /* dinner-s2.ahap */ = {isa = PBXFileReference; lastKnownFileType = text; path = "dinner-s2.ahap"; sourceTree = "<group>"; };
		D67E611926F8BF4500A7AC40 /* kiwi.ahap */ = {isa = PBXFileReference; lastKnownFileType = text; path = kiwi.ahap; sourceTree = "<group>"; };
		D67E611A26F8BF4500A7AC40 /* spaghetti-s1.ahap */ = {isa = PBXFileReference; lastKnownFileType = text; path = "spaghetti-s1.ahap"; sourceTree = "<group>"; };
		D67E611B26F8BF4500A7AC40 /* bedroom.wav */ = {isa = PBXFileReference; lastKnownFileType = audio.wav; path = bedroom.wav; sourceTree = "<group>"; };
		D67E611C26F8BF4500A7AC40 /* banana-s2.wav */ = {isa = PBXFileReference; lastKnownFileType = audio.wav; path = "banana-s2.wav"; sourceTree = "<group>"; };
		D67E611D26F8BF4500A7AC40 /* dinner-s1.wav */ = {isa = PBXFileReference; lastKnownFileType = audio.wav; path = "dinner-s1.wav"; sourceTree = "<group>"; };
		D67E611E26F8BF4500A7AC40 /* cookie-s2.ahap */ = {isa = PBXFileReference; lastKnownFileType = text; path = "cookie-s2.ahap"; sourceTree = "<group>"; };
		D67E611F26F8BF4500A7AC40 /* banana-s3.wav */ = {isa = PBXFileReference; lastKnownFileType = audio.wav; path = "banana-s3.wav"; sourceTree = "<group>"; };
		D67E612026F8BF4500A7AC40 /* table-s2.ahap */ = {isa = PBXFileReference; lastKnownFileType = text; path = "table-s2.ahap"; sourceTree = "<group>"; };
		D67E612126F8BF4500A7AC40 /* cookie-s1.wav */ = {isa = PBXFileReference; lastKnownFileType = audio.wav; path = "cookie-s1.wav"; sourceTree = "<group>"; };
		D67E612226F8BF4500A7AC40 /* flower-s2.wav */ = {isa = PBXFileReference; lastKnownFileType = audio.wav; path = "flower-s2.wav"; sourceTree = "<group>"; };
		D67E612326F8BF4500A7AC40 /* apple-s2.wav */ = {isa = PBXFileReference; lastKnownFileType = audio.wav; path = "apple-s2.wav"; sourceTree = "<group>"; };
		D67E612426F8BF4500A7AC40 /* cookie-s1.ahap */ = {isa = PBXFileReference; lastKnownFileType = text; path = "cookie-s1.ahap"; sourceTree = "<group>"; };
		D67E612526F8BF4500A7AC40 /* bedroom.ahap */ = {isa = PBXFileReference; lastKnownFileType = text; path = bedroom.ahap; sourceTree = "<group>"; };
		D67E612626F8BF4500A7AC40 /* table-s1.ahap */ = {isa = PBXFileReference; lastKnownFileType = text; path = "table-s1.ahap"; sourceTree = "<group>"; };
		D67E612726F8BF4500A7AC40 /* banana.wav */ = {isa = PBXFileReference; lastKnownFileType = audio.wav; path = banana.wav; sourceTree = "<group>"; };
		D67E612826F8BF4500A7AC40 /* bench.ahap */ = {isa = PBXFileReference; lastKnownFileType = text; path = bench.ahap; sourceTree = "<group>"; };
		D67E612926F8BF4500A7AC40 /* cookie-s2.wav */ = {isa = PBXFileReference; lastKnownFileType = audio.wav; path = "cookie-s2.wav"; sourceTree = "<group>"; };
		D67E612A26F8BF4500A7AC40 /* dinner-s1.ahap */ = {isa = PBXFileReference; lastKnownFileType = text; path = "dinner-s1.ahap"; sourceTree = "<group>"; };
		D67E612B26F8BF4500A7AC40 /* flower-s1.wav */ = {isa = PBXFileReference; lastKnownFileType = audio.wav; path = "flower-s1.wav"; sourceTree = "<group>"; };
		D67E612C26F8BF4500A7AC40 /* apple-s1.wav */ = {isa = PBXFileReference; lastKnownFileType = audio.wav; path = "apple-s1.wav"; sourceTree = "<group>"; };
		D67E612D26F8BF4500A7AC40 /* spaghetti-s2.ahap */ = {isa = PBXFileReference; lastKnownFileType = text; path = "spaghetti-s2.ahap"; sourceTree = "<group>"; };
		D67E612E26F8BF4500A7AC40 /* spaghetti-s3.ahap */ = {isa = PBXFileReference; lastKnownFileType = text; path = "spaghetti-s3.ahap"; sourceTree = "<group>"; };
		D67E612F26F8BF4500A7AC40 /* fish.wav */ = {isa = PBXFileReference; lastKnownFileType = audio.wav; path = fish.wav; sourceTree = "<group>"; };
		D67E613026F8BF4500A7AC40 /* fork.wav */ = {isa = PBXFileReference; lastKnownFileType = audio.wav; path = fork.wav; sourceTree = "<group>"; };
		D67E613126F8BF4500A7AC40 /* table-s2.wav */ = {isa = PBXFileReference; lastKnownFileType = audio.wav; path = "table-s2.wav"; sourceTree = "<group>"; };
		D67E613226F8BF4500A7AC40 /* kiwi.wav */ = {isa = PBXFileReference; lastKnownFileType = audio.wav; path = kiwi.wav; sourceTree = "<group>"; };
		D67E613326F8BF4500A7AC40 /* window-s2.ahap */ = {isa = PBXFileReference; lastKnownFileType = text; path = "window-s2.ahap"; sourceTree = "<group>"; };
		D67E613426F8BF4500A7AC40 /* wall.ahap */ = {isa = PBXFileReference; lastKnownFileType = text; path = wall.ahap; sourceTree = "<group>"; };
		D67E613526F8BF4500A7AC40 /* playground-s1.ahap */ = {isa = PBXFileReference; lastKnownFileType = text; path = "playground-s1.ahap"; sourceTree = "<group>"; };
		D67E613626F8BF4500A7AC40 /* fish.ahap */ = {isa = PBXFileReference; lastKnownFileType = text; path = fish.ahap; sourceTree = "<group>"; };
		D67E613726F8BF4500A7AC40 /* eggs.ahap */ = {isa = PBXFileReference; lastKnownFileType = text; path = eggs.ahap; sourceTree = "<group>"; };
		D67E613826F8BF4500A7AC40 /* garden.ahap */ = {isa = PBXFileReference; lastKnownFileType = text; path = garden.ahap; sourceTree = "<group>"; };
		D67E613926F8BF4500A7AC40 /* table-s1.wav */ = {isa = PBXFileReference; lastKnownFileType = audio.wav; path = "table-s1.wav"; sourceTree = "<group>"; };
		D67E613A26F8BF4500A7AC40 /* flower-s1.ahap */ = {isa = PBXFileReference; lastKnownFileType = text; path = "flower-s1.ahap"; sourceTree = "<group>"; };
		D67E613B26F8BF4500A7AC40 /* table.wav */ = {isa = PBXFileReference; lastKnownFileType = audio.wav; path = table.wav; sourceTree = "<group>"; };
		D67E613C26F8BF4500A7AC40 /* banana-s2.ahap */ = {isa = PBXFileReference; lastKnownFileType = text; path = "banana-s2.ahap"; sourceTree = "<group>"; };
		D67E613D26F8BF4500A7AC40 /* window.wav */ = {isa = PBXFileReference; lastKnownFileType = audio.wav; path = window.wav; sourceTree = "<group>"; };
		D67E613E26F8BF4500A7AC40 /* walk.wav */ = {isa = PBXFileReference; lastKnownFileType = audio.wav; path = walk.wav; sourceTree = "<group>"; };
		D67E613F26F8BF4500A7AC40 /* duck.ahap */ = {isa = PBXFileReference; lastKnownFileType = text; path = duck.ahap; sourceTree = "<group>"; };
		D67E614026F8BF4500A7AC40 /* playground-s1.wav */ = {isa = PBXFileReference; lastKnownFileType = audio.wav; path = "playground-s1.wav"; sourceTree = "<group>"; };
		D67E614126F8BF4500A7AC40 /* bedroom-s2.wav */ = {isa = PBXFileReference; lastKnownFileType = audio.wav; path = "bedroom-s2.wav"; sourceTree = "<group>"; };
		D67E614226F8BF4500A7AC40 /* garden.wav */ = {isa = PBXFileReference; lastKnownFileType = audio.wav; path = garden.wav; sourceTree = "<group>"; };
		D67E614326F8BF4500A7AC40 /* apple.wav */ = {isa = PBXFileReference; lastKnownFileType = audio.wav; path = apple.wav; sourceTree = "<group>"; };
		D67E614426F8BF4500A7AC40 /* grass.ahap */ = {isa = PBXFileReference; lastKnownFileType = text; path = grass.ahap; sourceTree = "<group>"; };
		D67E614526F8BF4500A7AC40 /* grass.wav */ = {isa = PBXFileReference; lastKnownFileType = audio.wav; path = grass.wav; sourceTree = "<group>"; };
		D67E614626F8BF4500A7AC40 /* cookie.ahap */ = {isa = PBXFileReference; lastKnownFileType = text; path = cookie.ahap; sourceTree = "<group>"; };
		D67E614726F8BF4500A7AC40 /* banana.ahap */ = {isa = PBXFileReference; lastKnownFileType = text; path = banana.ahap; sourceTree = "<group>"; };
		D67E614826F8BF4500A7AC40 /* bedroom-s2.ahap */ = {isa = PBXFileReference; lastKnownFileType = text; path = "bedroom-s2.ahap"; sourceTree = "<group>"; };
		D67E614926F8BF4500A7AC40 /* playground-s2.wav */ = {isa = PBXFileReference; lastKnownFileType = audio.wav; path = "playground-s2.wav"; sourceTree = "<group>"; };
		D67E614A26F8BF4500A7AC40 /* garden-s1.ahap */ = {isa = PBXFileReference; lastKnownFileType = text; path = "garden-s1.ahap"; sourceTree = "<group>"; };
		D67E614B26F8BF4500A7AC40 /* flower.ahap */ = {isa = PBXFileReference; lastKnownFileType = text; path = flower.ahap; sourceTree = "<group>"; };
		D67E614C26F8BF4500A7AC40 /* bedroom-s1.wav */ = {isa = PBXFileReference; lastKnownFileType = audio.wav; path = "bedroom-s1.wav"; sourceTree = "<group>"; };
		D67E614D26F8BF4500A7AC40 /* apple-s1.ahap */ = {isa = PBXFileReference; lastKnownFileType = text; path = "apple-s1.ahap"; sourceTree = "<group>"; };
		D67E614E26F8BF4500A7AC40 /* walk.ahap */ = {isa = PBXFileReference; lastKnownFileType = text; path = walk.ahap; sourceTree = "<group>"; };
		D67E614F26F8BF4500A7AC40 /* kiwi-s2.wav */ = {isa = PBXFileReference; lastKnownFileType = audio.wav; path = "kiwi-s2.wav"; sourceTree = "<group>"; };
		D67E615026F8BF4500A7AC40 /* garden-s1.wav */ = {isa = PBXFileReference; lastKnownFileType = audio.wav; path = "garden-s1.wav"; sourceTree = "<group>"; };
		D67E615126F8BF4500A7AC40 /* wall.wav */ = {isa = PBXFileReference; lastKnownFileType = audio.wav; path = wall.wav; sourceTree = "<group>"; };
		D67E615226F8BF4500A7AC40 /* window-s2.wav */ = {isa = PBXFileReference; lastKnownFileType = audio.wav; path = "window-s2.wav"; sourceTree = "<group>"; };
		D67E615326F8BF4500A7AC40 /* apple.ahap */ = {isa = PBXFileReference; lastKnownFileType = text; path = apple.ahap; sourceTree = "<group>"; };
		D67E615426F8BF4500A7AC40 /* playground.ahap */ = {isa = PBXFileReference; lastKnownFileType = text; path = playground.ahap; sourceTree = "<group>"; };
		D67E615526F8BF4500A7AC40 /* flower.wav */ = {isa = PBXFileReference; lastKnownFileType = audio.wav; path = flower.wav; sourceTree = "<group>"; };
		D67E615626F8BF4500A7AC40 /* kiwi-s1.wav */ = {isa = PBXFileReference; lastKnownFileType = audio.wav; path = "kiwi-s1.wav"; sourceTree = "<group>"; };
		D67E615726F8BF4500A7AC40 /* garden-s2.wav */ = {isa = PBXFileReference; lastKnownFileType = audio.wav; path = "garden-s2.wav"; sourceTree = "<group>"; };
		D67E615826F8BF4500A7AC40 /* spaghetti.ahap */ = {isa = PBXFileReference; lastKnownFileType = text; path = spaghetti.ahap; sourceTree = "<group>"; };
		D67E615926F8BF4500A7AC40 /* window-s1.wav */ = {isa = PBXFileReference; lastKnownFileType = audio.wav; path = "window-s1.wav"; sourceTree = "<group>"; };
		D67E615A26F8BF4500A7AC40 /* playground.wav */ = {isa = PBXFileReference; lastKnownFileType = audio.wav; path = playground.wav; sourceTree = "<group>"; };
		D67E615B26F8BF4500A7AC40 /* pillow-s1.ahap */ = {isa = PBXFileReference; lastKnownFileType = text; path = "pillow-s1.ahap"; sourceTree = "<group>"; };
		D67E615C26F8BF4500A7AC40 /* kiwi-s1.ahap */ = {isa = PBXFileReference; lastKnownFileType = text; path = "kiwi-s1.ahap"; sourceTree = "<group>"; };
		D67E615D26F8BF4500A7AC40 /* banana-s3.ahap */ = {isa = PBXFileReference; lastKnownFileType = text; path = "banana-s3.ahap"; sourceTree = "<group>"; };
		D67E615E26F8BF9500A7AC40 /* Category.swift */ = {isa = PBXFileReference; lastKnownFileType = sourcecode.swift; path = Category.swift; sourceTree = "<group>"; };
		D67E616326F8F4B800A7AC40 /* ImagePicker.swift */ = {isa = PBXFileReference; lastKnownFileType = sourcecode.swift; path = ImagePicker.swift; sourceTree = "<group>"; };
		D695FFAD26ED602B005BCBD7 /* Navigationbar+Ext.swift */ = {isa = PBXFileReference; lastKnownFileType = sourcecode.swift; path = "Navigationbar+Ext.swift"; sourceTree = "<group>"; };
		D6E176E826EF967B00B87BE1 /* FlashcardView.swift */ = {isa = PBXFileReference; lastKnownFileType = sourcecode.swift; path = FlashcardView.swift; sourceTree = "<group>"; };
		D6E176EF26F3E79C00B87BE1 /* PuzzleView.swift */ = {isa = PBXFileReference; lastKnownFileType = sourcecode.swift; path = PuzzleView.swift; sourceTree = "<group>"; };
		D6E176F126F3E7BE00B87BE1 /* FindAndMatchView.swift */ = {isa = PBXFileReference; lastKnownFileType = sourcecode.swift; path = FindAndMatchView.swift; sourceTree = "<group>"; };
		D6E176F726F62A7600B87BE1 /* XmarkButton.swift */ = {isa = PBXFileReference; lastKnownFileType = sourcecode.swift; path = XmarkButton.swift; sourceTree = "<group>"; };
/* End PBXFileReference section */

/* Begin PBXFrameworksBuildPhase section */
		D6603C9426EA60DB005AB1E5 /* Frameworks */ = {
			isa = PBXFrameworksBuildPhase;
			buildActionMask = 2147483647;
			files = (
			);
			runOnlyForDeploymentPostprocessing = 0;
		};
/* End PBXFrameworksBuildPhase section */

/* Begin PBXGroup section */
		D65A266326EE9E7800D11021 /* Onboarding */ = {
			isa = PBXGroup;
			children = (
				D65A266126EE9C7200D11021 /* Onboarding.swift */,
				D65A266426EE9EDB00D11021 /* InitialOnboardingView.swift */,
				D65A266826EE9EFB00D11021 /* GenericOnboardingView.swift */,
				D65A266626EE9EE500D11021 /* FinalOnboardingView.swift */,
			);
			path = Onboarding;
			sourceTree = "<group>";
		};
		D6603C8E26EA60DB005AB1E5 = {
			isa = PBXGroup;
			children = (
				D6603C9926EA60DB005AB1E5 /* NewSermo */,
				D6603C9826EA60DB005AB1E5 /* Products */,
			);
			sourceTree = "<group>";
		};
		D6603C9826EA60DB005AB1E5 /* Products */ = {
			isa = PBXGroup;
			children = (
				D6603C9726EA60DB005AB1E5 /* NewSermo.app */,
			);
			name = Products;
			sourceTree = "<group>";
		};
		D6603C9926EA60DB005AB1E5 /* NewSermo */ = {
			isa = PBXGroup;
			children = (
				D6603C9A26EA60DB005AB1E5 /* SermoAvenue.swift */,
				D67E616226F8F4AC00A7AC40 /* UIKIT */,
				D6E176EE26F2211800B87BE1 /* Model */,
				D6603CAD26EA66C1005AB1E5 /* Components */,
				D6603CAC26EA66BC005AB1E5 /* Views */,
				D6603CAB26EA66B3005AB1E5 /* Managers */,
				D6603CAA26EA6696005AB1E5 /* Utilities */,
				D6603CA926EA667A005AB1E5 /* Screens */,
				D6603C9E26EA60DC005AB1E5 /* Assets.xcassets */,
				D67E60F926F8BF4400A7AC40 /* AHAP */,
				D6603CA326EA60DC005AB1E5 /* Info.plist */,
				D6603CA026EA60DC005AB1E5 /* Preview Content */,
			);
			path = NewSermo;
			sourceTree = "<group>";
		};
		D6603CA026EA60DC005AB1E5 /* Preview Content */ = {
			isa = PBXGroup;
			children = (
				D6603CA126EA60DC005AB1E5 /* Preview Assets.xcassets */,
			);
			path = "Preview Content";
			sourceTree = "<group>";
		};
		D6603CA926EA667A005AB1E5 /* Screens */ = {
			isa = PBXGroup;
			children = (
				D6603C9C26EA60DB005AB1E5 /* HomeView.swift */,
				D6603CB326EB65FE005AB1E5 /* CategoryView.swift */,
				D6E176E826EF967B00B87BE1 /* FlashcardView.swift */,
				D6E176EF26F3E79C00B87BE1 /* PuzzleView.swift */,
				D6E176F126F3E7BE00B87BE1 /* FindAndMatchView.swift */,
				D65A266326EE9E7800D11021 /* Onboarding */,
			);
			path = Screens;
			sourceTree = "<group>";
		};
		D6603CAA26EA6696005AB1E5 /* Utilities */ = {
			isa = PBXGroup;
			children = (
				D6603CAE26EB4CDF005AB1E5 /* Extensions */,
			);
			path = Utilities;
			sourceTree = "<group>";
		};
		D6603CAB26EA66B3005AB1E5 /* Managers */ = {
			isa = PBXGroup;
			children = (
			);
			path = Managers;
			sourceTree = "<group>";
		};
		D6603CAC26EA66BC005AB1E5 /* Views */ = {
			isa = PBXGroup;
			children = (
				D6603CB126EB505C005AB1E5 /* BackgroundView.swift */,
			);
			path = Views;
			sourceTree = "<group>";
		};
		D6603CAD26EA66C1005AB1E5 /* Components */ = {
			isa = PBXGroup;
			children = (
				D67E60F426F6370400A7AC40 /* Buttons */,
			);
			path = Components;
			sourceTree = "<group>";
		};
		D6603CAE26EB4CDF005AB1E5 /* Extensions */ = {
			isa = PBXGroup;
			children = (
				D6603CAF26EB4D07005AB1E5 /* Constants+Ext.swift */,
				D695FFAD26ED602B005BCBD7 /* Navigationbar+Ext.swift */,
			);
			path = Extensions;
			sourceTree = "<group>";
		};
		D67E60F426F6370400A7AC40 /* Buttons */ = {
			isa = PBXGroup;
			children = (
				D65A266A26EEA52800D11021 /* CircleArrowButton.swift */,
				D6E176F726F62A7600B87BE1 /* XmarkButton.swift */,
				D67E60EF26F62D7300A7AC40 /* InfoButton.swift */,
				D67E60F126F6352B00A7AC40 /* RestartButton.swift */,
				D67E60F526F7E76500A7AC40 /* RoundedButton.swift */,
				D67E60F726F7E7D600A7AC40 /* WordButton.swift */,
			);
			path = Buttons;
			sourceTree = "<group>";
		};
		D67E60F926F8BF4400A7AC40 /* AHAP */ = {
			isa = PBXGroup;
			children = (
				D67E60FA26F8BF4400A7AC40 /* cookie.wav */,
				D67E60FB26F8BF4400A7AC40 /* pillow-s2.ahap */,
				D67E60FC26F8BF4400A7AC40 /* kiwi-s2.ahap */,
				D67E60FD26F8BF4400A7AC40 /* dinner.ahap */,
				D67E60FE26F8BF4400A7AC40 /* dinner.wav */,
				D67E60FF26F8BF4400A7AC40 /* spaghetti-s1.wav */,
				D67E610026F8BF4400A7AC40 /* pillow-s1.wav */,
				D67E610126F8BF4400A7AC40 /* bedroom-s1.ahap */,
				D67E610226F8BF4400A7AC40 /* window.ahap */,
				D67E610326F8BF4400A7AC40 /* garden-s2.ahap */,
				D67E610426F8BF4400A7AC40 /* eggs.wav */,
				D67E610526F8BF4400A7AC40 /* apple-s2.ahap */,
				D67E610626F8BF4400A7AC40 /* banana-s1.ahap */,
				D67E610726F8BF4400A7AC40 /* spaghetti-s2.wav */,
				D67E610826F8BF4400A7AC40 /* pillow-s2.wav */,
				D67E610926F8BF4400A7AC40 /* spaghetti-s3.wav */,
				D67E610A26F8BF4400A7AC40 /* window-s1.ahap */,
				D67E610B26F8BF4400A7AC40 /* playground-s2.ahap */,
				D67E610C26F8BF4400A7AC40 /* spaghetti.wav */,
				D67E610D26F8BF4400A7AC40 /* pillow.ahap */,
				D67E610E26F8BF4500A7AC40 /* flower-s2.ahap */,
				D67E610F26F8BF4500A7AC40 /* fork.ahap */,
				D67E611026F8BF4500A7AC40 /* pillow.wav */,
				D67E611126F8BF4500A7AC40 /* duck.wav */,
				D67E611226F8BF4500A7AC40 /* spoon.wav */,
				D67E611326F8BF4500A7AC40 /* table.ahap */,
				D67E611426F8BF4500A7AC40 /* spoon.ahap */,
				D67E611526F8BF4500A7AC40 /* banana-s1.wav */,
				D67E611626F8BF4500A7AC40 /* bench.wav */,
				D67E611726F8BF4500A7AC40 /* dinner-s2.wav */,
				D67E611826F8BF4500A7AC40 /* dinner-s2.ahap */,
				D67E611926F8BF4500A7AC40 /* kiwi.ahap */,
				D67E611A26F8BF4500A7AC40 /* spaghetti-s1.ahap */,
				D67E611B26F8BF4500A7AC40 /* bedroom.wav */,
				D67E611C26F8BF4500A7AC40 /* banana-s2.wav */,
				D67E611D26F8BF4500A7AC40 /* dinner-s1.wav */,
				D67E611E26F8BF4500A7AC40 /* cookie-s2.ahap */,
				D67E611F26F8BF4500A7AC40 /* banana-s3.wav */,
				D67E612026F8BF4500A7AC40 /* table-s2.ahap */,
				D67E612126F8BF4500A7AC40 /* cookie-s1.wav */,
				D67E612226F8BF4500A7AC40 /* flower-s2.wav */,
				D67E612326F8BF4500A7AC40 /* apple-s2.wav */,
				D67E612426F8BF4500A7AC40 /* cookie-s1.ahap */,
				D67E612526F8BF4500A7AC40 /* bedroom.ahap */,
				D67E612626F8BF4500A7AC40 /* table-s1.ahap */,
				D67E612726F8BF4500A7AC40 /* banana.wav */,
				D67E612826F8BF4500A7AC40 /* bench.ahap */,
				D67E612926F8BF4500A7AC40 /* cookie-s2.wav */,
				D67E612A26F8BF4500A7AC40 /* dinner-s1.ahap */,
				D67E612B26F8BF4500A7AC40 /* flower-s1.wav */,
				D67E612C26F8BF4500A7AC40 /* apple-s1.wav */,
				D67E612D26F8BF4500A7AC40 /* spaghetti-s2.ahap */,
				D67E612E26F8BF4500A7AC40 /* spaghetti-s3.ahap */,
				D67E612F26F8BF4500A7AC40 /* fish.wav */,
				D67E613026F8BF4500A7AC40 /* fork.wav */,
				D67E613126F8BF4500A7AC40 /* table-s2.wav */,
				D67E613226F8BF4500A7AC40 /* kiwi.wav */,
				D67E613326F8BF4500A7AC40 /* window-s2.ahap */,
				D67E613426F8BF4500A7AC40 /* wall.ahap */,
				D67E613526F8BF4500A7AC40 /* playground-s1.ahap */,
				D67E613626F8BF4500A7AC40 /* fish.ahap */,
				D67E613726F8BF4500A7AC40 /* eggs.ahap */,
				D67E613826F8BF4500A7AC40 /* garden.ahap */,
				D67E613926F8BF4500A7AC40 /* table-s1.wav */,
				D67E613A26F8BF4500A7AC40 /* flower-s1.ahap */,
				D67E613B26F8BF4500A7AC40 /* table.wav */,
				D67E613C26F8BF4500A7AC40 /* banana-s2.ahap */,
				D67E613D26F8BF4500A7AC40 /* window.wav */,
				D67E613E26F8BF4500A7AC40 /* walk.wav */,
				D67E613F26F8BF4500A7AC40 /* duck.ahap */,
				D67E614026F8BF4500A7AC40 /* playground-s1.wav */,
				D67E614126F8BF4500A7AC40 /* bedroom-s2.wav */,
				D67E614226F8BF4500A7AC40 /* garden.wav */,
				D67E614326F8BF4500A7AC40 /* apple.wav */,
				D67E614426F8BF4500A7AC40 /* grass.ahap */,
				D67E614526F8BF4500A7AC40 /* grass.wav */,
				D67E614626F8BF4500A7AC40 /* cookie.ahap */,
				D67E614726F8BF4500A7AC40 /* banana.ahap */,
				D67E614826F8BF4500A7AC40 /* bedroom-s2.ahap */,
				D67E614926F8BF4500A7AC40 /* playground-s2.wav */,
				D67E614A26F8BF4500A7AC40 /* garden-s1.ahap */,
				D67E614B26F8BF4500A7AC40 /* flower.ahap */,
				D67E614C26F8BF4500A7AC40 /* bedroom-s1.wav */,
				D67E614D26F8BF4500A7AC40 /* apple-s1.ahap */,
				D67E614E26F8BF4500A7AC40 /* walk.ahap */,
				D67E614F26F8BF4500A7AC40 /* kiwi-s2.wav */,
				D67E615026F8BF4500A7AC40 /* garden-s1.wav */,
				D67E615126F8BF4500A7AC40 /* wall.wav */,
				D67E615226F8BF4500A7AC40 /* window-s2.wav */,
				D67E615326F8BF4500A7AC40 /* apple.ahap */,
				D67E615426F8BF4500A7AC40 /* playground.ahap */,
				D67E615526F8BF4500A7AC40 /* flower.wav */,
				D67E615626F8BF4500A7AC40 /* kiwi-s1.wav */,
				D67E615726F8BF4500A7AC40 /* garden-s2.wav */,
				D67E615826F8BF4500A7AC40 /* spaghetti.ahap */,
				D67E615926F8BF4500A7AC40 /* window-s1.wav */,
				D67E615A26F8BF4500A7AC40 /* playground.wav */,
				D67E615B26F8BF4500A7AC40 /* pillow-s1.ahap */,
				D67E615C26F8BF4500A7AC40 /* kiwi-s1.ahap */,
				D67E615D26F8BF4500A7AC40 /* banana-s3.ahap */,
			);
			path = AHAP;
			sourceTree = "<group>";
		};
		D67E616226F8F4AC00A7AC40 /* UIKIT */ = {
			isa = PBXGroup;
			children = (
				D67E616326F8F4B800A7AC40 /* ImagePicker.swift */,
			);
			path = UIKIT;
			sourceTree = "<group>";
		};
		D6E176EE26F2211800B87BE1 /* Model */ = {
			isa = PBXGroup;
			children = (
				D67E615E26F8BF9500A7AC40 /* Category.swift */,
			);
			path = Model;
			sourceTree = "<group>";
		};
/* End PBXGroup section */

/* Begin PBXNativeTarget section */
		D6603C9626EA60DB005AB1E5 /* NewSermo */ = {
			isa = PBXNativeTarget;
			buildConfigurationList = D6603CA626EA60DC005AB1E5 /* Build configuration list for PBXNativeTarget "NewSermo" */;
			buildPhases = (
				D6603C9326EA60DB005AB1E5 /* Sources */,
				D6603C9426EA60DB005AB1E5 /* Frameworks */,
				D6603C9526EA60DB005AB1E5 /* Resources */,
			);
			buildRules = (
			);
			dependencies = (
			);
			name = NewSermo;
			productName = NewSermo;
			productReference = D6603C9726EA60DB005AB1E5 /* NewSermo.app */;
			productType = "com.apple.product-type.application";
		};
/* End PBXNativeTarget section */

/* Begin PBXProject section */
		D6603C8F26EA60DB005AB1E5 /* Project object */ = {
			isa = PBXProject;
			attributes = {
				LastSwiftUpdateCheck = 1250;
				LastUpgradeCheck = 1250;
				TargetAttributes = {
					D6603C9626EA60DB005AB1E5 = {
						CreatedOnToolsVersion = 12.5.1;
					};
				};
			};
			buildConfigurationList = D6603C9226EA60DB005AB1E5 /* Build configuration list for PBXProject "NewSermo" */;
			compatibilityVersion = "Xcode 9.3";
			developmentRegion = en;
			hasScannedForEncodings = 0;
			knownRegions = (
				en,
				Base,
			);
			mainGroup = D6603C8E26EA60DB005AB1E5;
			productRefGroup = D6603C9826EA60DB005AB1E5 /* Products */;
			projectDirPath = "";
			projectRoot = "";
			targets = (
				D6603C9626EA60DB005AB1E5 /* NewSermo */,
			);
		};
/* End PBXProject section */

/* Begin PBXResourcesBuildPhase section */
		D6603C9526EA60DB005AB1E5 /* Resources */ = {
			isa = PBXResourcesBuildPhase;
			buildActionMask = 2147483647;
			files = (
				D6603CA226EA60DC005AB1E5 /* Preview Assets.xcassets in Resources */,
				D6603C9F26EA60DC005AB1E5 /* Assets.xcassets in Resources */,
			);
			runOnlyForDeploymentPostprocessing = 0;
		};
/* End PBXResourcesBuildPhase section */

/* Begin PBXSourcesBuildPhase section */
		D6603C9326EA60DB005AB1E5 /* Sources */ = {
			isa = PBXSourcesBuildPhase;
			buildActionMask = 2147483647;
			files = (
				D6E176F826F62A7600B87BE1 /* XmarkButton.swift in Sources */,
				D6E176F026F3E79C00B87BE1 /* PuzzleView.swift in Sources */,
				D6603C9D26EA60DB005AB1E5 /* HomeView.swift in Sources */,
				D67E616426F8F4B800A7AC40 /* ImagePicker.swift in Sources */,
				D67E60F026F62D7300A7AC40 /* InfoButton.swift in Sources */,
				D67E60F826F7E7D600A7AC40 /* WordButton.swift in Sources */,
				D65A266526EE9EDB00D11021 /* InitialOnboardingView.swift in Sources */,
				D6E176F226F3E7BE00B87BE1 /* FindAndMatchView.swift in Sources */,
				D6603C9B26EA60DB005AB1E5 /* SermoAvenue.swift in Sources */,
				D65A266726EE9EE500D11021 /* FinalOnboardingView.swift in Sources */,
				D6603CB226EB505C005AB1E5 /* BackgroundView.swift in Sources */,
				D67E60F226F6352B00A7AC40 /* RestartButton.swift in Sources */,
				D67E615F26F8BF9500A7AC40 /* Category.swift in Sources */,
				D6E176E926EF967B00B87BE1 /* FlashcardView.swift in Sources */,
				D65A266226EE9C7200D11021 /* Onboarding.swift in Sources */,
				D65A266926EE9EFB00D11021 /* GenericOnboardingView.swift in Sources */,
				D67E60F626F7E76500A7AC40 /* RoundedButton.swift in Sources */,
				D6603CB026EB4D07005AB1E5 /* Constants+Ext.swift in Sources */,
				D6603CB426EB65FE005AB1E5 /* CategoryView.swift in Sources */,
				D695FFAE26ED602B005BCBD7 /* Navigationbar+Ext.swift in Sources */,
				D65A266B26EEA52800D11021 /* CircleArrowButton.swift in Sources */,
			);
			runOnlyForDeploymentPostprocessing = 0;
		};
/* End PBXSourcesBuildPhase section */

/* Begin XCBuildConfiguration section */
		D6603CA426EA60DC005AB1E5 /* Debug */ = {
			isa = XCBuildConfiguration;
			buildSettings = {
				ALWAYS_SEARCH_USER_PATHS = NO;
				CLANG_ANALYZER_NONNULL = YES;
				CLANG_ANALYZER_NUMBER_OBJECT_CONVERSION = YES_AGGRESSIVE;
				CLANG_CXX_LANGUAGE_STANDARD = "gnu++14";
				CLANG_CXX_LIBRARY = "libc++";
				CLANG_ENABLE_MODULES = YES;
				CLANG_ENABLE_OBJC_ARC = YES;
				CLANG_ENABLE_OBJC_WEAK = YES;
				CLANG_WARN_BLOCK_CAPTURE_AUTORELEASING = YES;
				CLANG_WARN_BOOL_CONVERSION = YES;
				CLANG_WARN_COMMA = YES;
				CLANG_WARN_CONSTANT_CONVERSION = YES;
				CLANG_WARN_DEPRECATED_OBJC_IMPLEMENTATIONS = YES;
				CLANG_WARN_DIRECT_OBJC_ISA_USAGE = YES_ERROR;
				CLANG_WARN_DOCUMENTATION_COMMENTS = YES;
				CLANG_WARN_EMPTY_BODY = YES;
				CLANG_WARN_ENUM_CONVERSION = YES;
				CLANG_WARN_INFINITE_RECURSION = YES;
				CLANG_WARN_INT_CONVERSION = YES;
				CLANG_WARN_NON_LITERAL_NULL_CONVERSION = YES;
				CLANG_WARN_OBJC_IMPLICIT_RETAIN_SELF = YES;
				CLANG_WARN_OBJC_LITERAL_CONVERSION = YES;
				CLANG_WARN_OBJC_ROOT_CLASS = YES_ERROR;
				CLANG_WARN_QUOTED_INCLUDE_IN_FRAMEWORK_HEADER = YES;
				CLANG_WARN_RANGE_LOOP_ANALYSIS = YES;
				CLANG_WARN_STRICT_PROTOTYPES = YES;
				CLANG_WARN_SUSPICIOUS_MOVE = YES;
				CLANG_WARN_UNGUARDED_AVAILABILITY = YES_AGGRESSIVE;
				CLANG_WARN_UNREACHABLE_CODE = YES;
				CLANG_WARN__DUPLICATE_METHOD_MATCH = YES;
				COPY_PHASE_STRIP = NO;
				DEBUG_INFORMATION_FORMAT = dwarf;
				ENABLE_STRICT_OBJC_MSGSEND = YES;
				ENABLE_TESTABILITY = YES;
				GCC_C_LANGUAGE_STANDARD = gnu11;
				GCC_DYNAMIC_NO_PIC = NO;
				GCC_NO_COMMON_BLOCKS = YES;
				GCC_OPTIMIZATION_LEVEL = 0;
				GCC_PREPROCESSOR_DEFINITIONS = (
					"DEBUG=1",
					"$(inherited)",
				);
				GCC_WARN_64_TO_32_BIT_CONVERSION = YES;
				GCC_WARN_ABOUT_RETURN_TYPE = YES_ERROR;
				GCC_WARN_UNDECLARED_SELECTOR = YES;
				GCC_WARN_UNINITIALIZED_AUTOS = YES_AGGRESSIVE;
				GCC_WARN_UNUSED_FUNCTION = YES;
				GCC_WARN_UNUSED_VARIABLE = YES;
				IPHONEOS_DEPLOYMENT_TARGET = 14.5;
				MTL_ENABLE_DEBUG_INFO = INCLUDE_SOURCE;
				MTL_FAST_MATH = YES;
				ONLY_ACTIVE_ARCH = YES;
				SDKROOT = iphoneos;
				SWIFT_ACTIVE_COMPILATION_CONDITIONS = DEBUG;
				SWIFT_OPTIMIZATION_LEVEL = "-Onone";
			};
			name = Debug;
		};
		D6603CA526EA60DC005AB1E5 /* Release */ = {
			isa = XCBuildConfiguration;
			buildSettings = {
				ALWAYS_SEARCH_USER_PATHS = NO;
				CLANG_ANALYZER_NONNULL = YES;
				CLANG_ANALYZER_NUMBER_OBJECT_CONVERSION = YES_AGGRESSIVE;
				CLANG_CXX_LANGUAGE_STANDARD = "gnu++14";
				CLANG_CXX_LIBRARY = "libc++";
				CLANG_ENABLE_MODULES = YES;
				CLANG_ENABLE_OBJC_ARC = YES;
				CLANG_ENABLE_OBJC_WEAK = YES;
				CLANG_WARN_BLOCK_CAPTURE_AUTORELEASING = YES;
				CLANG_WARN_BOOL_CONVERSION = YES;
				CLANG_WARN_COMMA = YES;
				CLANG_WARN_CONSTANT_CONVERSION = YES;
				CLANG_WARN_DEPRECATED_OBJC_IMPLEMENTATIONS = YES;
				CLANG_WARN_DIRECT_OBJC_ISA_USAGE = YES_ERROR;
				CLANG_WARN_DOCUMENTATION_COMMENTS = YES;
				CLANG_WARN_EMPTY_BODY = YES;
				CLANG_WARN_ENUM_CONVERSION = YES;
				CLANG_WARN_INFINITE_RECURSION = YES;
				CLANG_WARN_INT_CONVERSION = YES;
				CLANG_WARN_NON_LITERAL_NULL_CONVERSION = YES;
				CLANG_WARN_OBJC_IMPLICIT_RETAIN_SELF = YES;
				CLANG_WARN_OBJC_LITERAL_CONVERSION = YES;
				CLANG_WARN_OBJC_ROOT_CLASS = YES_ERROR;
				CLANG_WARN_QUOTED_INCLUDE_IN_FRAMEWORK_HEADER = YES;
				CLANG_WARN_RANGE_LOOP_ANALYSIS = YES;
				CLANG_WARN_STRICT_PROTOTYPES = YES;
				CLANG_WARN_SUSPICIOUS_MOVE = YES;
				CLANG_WARN_UNGUARDED_AVAILABILITY = YES_AGGRESSIVE;
				CLANG_WARN_UNREACHABLE_CODE = YES;
				CLANG_WARN__DUPLICATE_METHOD_MATCH = YES;
				COPY_PHASE_STRIP = NO;
				DEBUG_INFORMATION_FORMAT = "dwarf-with-dsym";
				ENABLE_NS_ASSERTIONS = NO;
				ENABLE_STRICT_OBJC_MSGSEND = YES;
				GCC_C_LANGUAGE_STANDARD = gnu11;
				GCC_NO_COMMON_BLOCKS = YES;
				GCC_WARN_64_TO_32_BIT_CONVERSION = YES;
				GCC_WARN_ABOUT_RETURN_TYPE = YES_ERROR;
				GCC_WARN_UNDECLARED_SELECTOR = YES;
				GCC_WARN_UNINITIALIZED_AUTOS = YES_AGGRESSIVE;
				GCC_WARN_UNUSED_FUNCTION = YES;
				GCC_WARN_UNUSED_VARIABLE = YES;
				IPHONEOS_DEPLOYMENT_TARGET = 14.5;
				MTL_ENABLE_DEBUG_INFO = NO;
				MTL_FAST_MATH = YES;
				SDKROOT = iphoneos;
				SWIFT_COMPILATION_MODE = wholemodule;
				SWIFT_OPTIMIZATION_LEVEL = "-O";
				VALIDATE_PRODUCT = YES;
			};
			name = Release;
		};
		D6603CA726EA60DC005AB1E5 /* Debug */ = {
			isa = XCBuildConfiguration;
			buildSettings = {
				ASSETCATALOG_COMPILER_APPICON_NAME = AppIcon;
				ASSETCATALOG_COMPILER_GLOBAL_ACCENT_COLOR_NAME = AccentColor;
				CODE_SIGN_STYLE = Automatic;
				CURRENT_PROJECT_VERSION = 12;
				DEVELOPMENT_ASSET_PATHS = "\"NewSermo/Preview Content\"";
				DEVELOPMENT_TEAM = U68AWG975G;
				ENABLE_PREVIEWS = YES;
				INFOPLIST_FILE = NewSermo/Info.plist;
				IPHONEOS_DEPLOYMENT_TARGET = 15.0;
				LD_RUNPATH_SEARCH_PATHS = (
					"$(inherited)",
					"@executable_path/Frameworks",
				);
				PRODUCT_BUNDLE_IDENTIFIER = com.internationalteam.newsermo;
				PRODUCT_NAME = "$(TARGET_NAME)";
				SWIFT_VERSION = 5.0;
				TARGETED_DEVICE_FAMILY = 1;
			};
			name = Debug;
		};
		D6603CA826EA60DC005AB1E5 /* Release */ = {
			isa = XCBuildConfiguration;
			buildSettings = {
				ASSETCATALOG_COMPILER_APPICON_NAME = AppIcon;
				ASSETCATALOG_COMPILER_GLOBAL_ACCENT_COLOR_NAME = AccentColor;
				CODE_SIGN_STYLE = Automatic;
				CURRENT_PROJECT_VERSION = 12;
				DEVELOPMENT_ASSET_PATHS = "\"NewSermo/Preview Content\"";
				DEVELOPMENT_TEAM = U68AWG975G;
				ENABLE_PREVIEWS = YES;
				INFOPLIST_FILE = NewSermo/Info.plist;
				IPHONEOS_DEPLOYMENT_TARGET = 15.0;
				LD_RUNPATH_SEARCH_PATHS = (
					"$(inherited)",
					"@executable_path/Frameworks",
				);
				PRODUCT_BUNDLE_IDENTIFIER = com.internationalteam.newsermo;
				PRODUCT_NAME = "$(TARGET_NAME)";
				SWIFT_VERSION = 5.0;
				TARGETED_DEVICE_FAMILY = 1;
			};
			name = Release;
		};
/* End XCBuildConfiguration section */

/* Begin XCConfigurationList section */
		D6603C9226EA60DB005AB1E5 /* Build configuration list for PBXProject "NewSermo" */ = {
			isa = XCConfigurationList;
			buildConfigurations = (
				D6603CA426EA60DC005AB1E5 /* Debug */,
				D6603CA526EA60DC005AB1E5 /* Release */,
			);
			defaultConfigurationIsVisible = 0;
			defaultConfigurationName = Release;
		};
		D6603CA626EA60DC005AB1E5 /* Build configuration list for PBXNativeTarget "NewSermo" */ = {
			isa = XCConfigurationList;
			buildConfigurations = (
				D6603CA726EA60DC005AB1E5 /* Debug */,
				D6603CA826EA60DC005AB1E5 /* Release */,
			);
			defaultConfigurationIsVisible = 0;
			defaultConfigurationName = Release;
		};
/* End XCConfigurationList section */
	};
	rootObject = D6603C8F26EA60DB005AB1E5 /* Project object */;
}
